
Microsoft Visual Studio Solution File, Format Version 12.00
# Visual Studio Version 17
VisualStudioVersion = 17.9.34607.119
MinimumVisualStudioVersion = 10.0.40219.1
Project("{2150E333-8FDC-42A3-9474-1A3956D46DE8}") = "Singlitoin", "Singlitoin", "{02DA5B95-AEF6-43EA-9011-8E9D139F7717}"
	ProjectSection(SolutionItems) = preProject
		LazySingletonDescription.md = LazySingletonDescription.md
		SingletonDescription.md = SingletonDescription.md
	EndProjectSection
EndProject
Project("{9A19103F-16F7-4668-BE54-9A1E7A4F7556}") = "Singleton1Demo", "Singleton1Demo\Singleton1Demo.csproj", "{A9D26559-9054-46E6-AB18-FB261DEF596C}"
EndProject
Project("{2150E333-8FDC-42A3-9474-1A3956D46DE8}") = "1- Creational", "1- Creational", "{6D989255-9BE3-48EA-8D73-83B9B87B631A}"
	ProjectSection(SolutionItems) = preProject
		Creational.md = Creational.md
	EndProjectSection
EndProject
Project("{2150E333-8FDC-42A3-9474-1A3956D46DE8}") = "Factory Method", "Factory Method", "{F74AF1EF-71AD-457E-A929-43357516B3C0}"
	ProjectSection(SolutionItems) = preProject
		FactoryMethodDescripton.md = FactoryMethodDescripton.md
	EndProjectSection
EndProject
Project("{9A19103F-16F7-4668-BE54-9A1E7A4F7556}") = "Factory1Demo", "Factory1Demo\Factory1Demo.csproj", "{3236773B-85D3-4FCC-B146-F127B9FF4856}"
EndProject
Project("{9A19103F-16F7-4668-BE54-9A1E7A4F7556}") = "Factory2Demo", "Factory2Demo\Factory2Demo.csproj", "{1770BC95-1052-453B-AFA7-782E276912A5}"
EndProject
Project("{9A19103F-16F7-4668-BE54-9A1E7A4F7556}") = "AbstractFactory3Demo", "AbstractFactory3Demo\AbstractFactory3Demo.csproj", "{5CB62492-BF04-40EF-8D6C-EC2126B40679}"
EndProject
Project("{2150E333-8FDC-42A3-9474-1A3956D46DE8}") = "Builder", "Builder", "{7B206C8D-CC2F-4883-8A7E-74C35255E228}"
	ProjectSection(SolutionItems) = preProject
		BuilderDescription.md = BuilderDescription.md
	EndProjectSection
EndProject
Project("{9A19103F-16F7-4668-BE54-9A1E7A4F7556}") = "Builder1Demo", "Builder1Demo\Builder1Demo.csproj", "{264AC61E-6623-4AD0-9705-D1371DD66ABA}"
EndProject
Project("{9A19103F-16F7-4668-BE54-9A1E7A4F7556}") = "Builder2Demo", "Builder2Demo\Builder2Demo.csproj", "{8C7AE413-B6BA-4459-B6F9-BDA75E49FADE}"
EndProject
Project("{2150E333-8FDC-42A3-9474-1A3956D46DE8}") = "AbstractFactory", "AbstractFactory", "{E6BBB2E8-4773-489B-B697-1849A25CA6B7}"
EndProject
Project("{2150E333-8FDC-42A3-9474-1A3956D46DE8}") = "Prototype", "Prototype", "{30CF816E-6364-498C-AA0D-39AB4BCE5323}"
	ProjectSection(SolutionItems) = preProject
		PrototypeDescription.md = PrototypeDescription.md
	EndProjectSection
EndProject
Project("{9A19103F-16F7-4668-BE54-9A1E7A4F7556}") = "Prototype1Demo", "Prototype1Demo\Prototype1Demo\Prototype1Demo.csproj", "{8B9FF917-6670-4D0A-BF32-757DEEFE009D}"
EndProject
Project("{2150E333-8FDC-42A3-9474-1A3956D46DE8}") = "2- Structural", "2- Structural", "{11C5BC1C-0FBC-43A6-BF38-0EC500B48E28}"
	ProjectSection(SolutionItems) = preProject
		Structural.md = Structural.md
	EndProjectSection
EndProject
Project("{2150E333-8FDC-42A3-9474-1A3956D46DE8}") = "Adapter", "Adapter", "{5B447A62-3D8B-41AF-96B4-B01AEEFBB815}"
	ProjectSection(SolutionItems) = preProject
		Adapter.txt = Adapter.txt
	EndProjectSection
EndProject
Project("{9A19103F-16F7-4668-BE54-9A1E7A4F7556}") = "Adapter1Demo", "Adapter1Demo\Adapter1Demo.csproj", "{E82233D0-3909-4195-A3D5-E41F61C0DBF1}"
EndProject
Project("{9A19103F-16F7-4668-BE54-9A1E7A4F7556}") = "Adapter2Demo", "Adapter2Demo\Adapter2Demo.csproj", "{378A651A-5376-42D1-9CF2-FC1F3AA2876B}"
EndProject
Project("{9A19103F-16F7-4668-BE54-9A1E7A4F7556}") = "Adapter3Demo", "Adapter3Demo\Adapter3Demo.csproj", "{0DF80F22-A6B1-4C06-B6D7-E7FC81912407}"
EndProject
Project("{9A19103F-16F7-4668-BE54-9A1E7A4F7556}") = "Adapter4Demo", "Adapter4Demo\Adapter4Demo.csproj", "{8B58F267-026B-4898-ADE2-2A305195D5BD}"
EndProject
Project("{9A19103F-16F7-4668-BE54-9A1E7A4F7556}") = "Adapter5Demo", "Adapter5Demo\Adapter5Demo.csproj", "{F9CCBB0D-D2A8-44B8-BBA4-DCE9BC3F8D4A}"
EndProject
Project("{2150E333-8FDC-42A3-9474-1A3956D46DE8}") = "Bridge", "Bridge", "{0ED96CD5-7161-4FE2-811D-213E5720C8E8}"
	ProjectSection(SolutionItems) = preProject
		Bridge.md = Bridge.md
	EndProjectSection
EndProject
Project("{9A19103F-16F7-4668-BE54-9A1E7A4F7556}") = "Bridge1Demo", "Bridge1Demo\Bridge1Demo.csproj", "{B24967D5-037A-4EF6-950A-4805933F050C}"
EndProject
Project("{9A19103F-16F7-4668-BE54-9A1E7A4F7556}") = "Bridge2Demo", "Bridge2Demo\Bridge2Demo.csproj", "{BD075CEE-72E3-46DD-970D-008FD1B3FBD6}"
EndProject
Project("{9A19103F-16F7-4668-BE54-9A1E7A4F7556}") = "Bridge3Demo", "Bridge3Demo\Bridge3Demo.csproj", "{07EC321A-80D1-48D2-B9B6-40B5620FCE12}"
EndProject
Project("{2150E333-8FDC-42A3-9474-1A3956D46DE8}") = "Composite", "Composite", "{67C811EB-87AE-4038-9409-3851B673D2C8}"
	ProjectSection(SolutionItems) = preProject
		Composite.txt = Composite.txt
	EndProjectSection
EndProject
Project("{9A19103F-16F7-4668-BE54-9A1E7A4F7556}") = "Composite1Demo", "Composite1Demo\Composite1Demo.csproj", "{2F0DF657-5E55-47AA-8438-4D9C658A2F2C}"
EndProject
Project("{9A19103F-16F7-4668-BE54-9A1E7A4F7556}") = "Composite2Demo", "Composite2Demo\Composite2Demo.csproj", "{6C0654AA-88C6-4DED-9828-6D24BD2A2432}"
EndProject
Project("{9A19103F-16F7-4668-BE54-9A1E7A4F7556}") = "Composite3Demo", "Composite3Demo\Composite3Demo.csproj", "{2A5E269C-73D9-4BC7-8238-75CE1135D1A3}"
EndProject
Project("{2150E333-8FDC-42A3-9474-1A3956D46DE8}") = "Decorator", "Decorator", "{B02ACDD1-47B2-4719-A171-A4D32BA4FCA9}"
	ProjectSection(SolutionItems) = preProject
		DecoratorExplain.md = DecoratorExplain.md
	EndProjectSection
EndProject
Project("{9A19103F-16F7-4668-BE54-9A1E7A4F7556}") = "Decorator3Demo", "Decorator3Demo\Decorator3Demo.csproj", "{C67E9067-45E4-47FA-864E-38333F007049}"
EndProject
Project("{9A19103F-16F7-4668-BE54-9A1E7A4F7556}") = "Decorator2Demo", "Decorate2Demo\Decorator2Demo.csproj", "{73E2915A-7F72-4B2E-AF76-74F422D8EC69}"
EndProject
Project("{2150E333-8FDC-42A3-9474-1A3956D46DE8}") = "Facade", "Facade", "{61AAE9DB-2E1A-407F-81E5-7EC27DD5E044}"
	ProjectSection(SolutionItems) = preProject
		facade.md = facade.md
	EndProjectSection
EndProject
Project("{9A19103F-16F7-4668-BE54-9A1E7A4F7556}") = "Facade1Demo", "Facade1Demo\Facade1Demo.csproj", "{F9FAE254-1FF7-4616-981A-7C4A90A3467E}"
EndProject
Project("{9A19103F-16F7-4668-BE54-9A1E7A4F7556}") = "Facade2Demo", "Facade2Demo\Facade2Demo.csproj", "{3AEC0CDF-936D-44FE-91B7-A7AFE05923CF}"
EndProject
Project("{2150E333-8FDC-42A3-9474-1A3956D46DE8}") = "Flyweight", "Flyweight", "{A7B36C16-635B-4AA7-8397-206BF6AD969B}"
	ProjectSection(SolutionItems) = preProject
		FlyWeight.md = FlyWeight.md
	EndProjectSection
EndProject
Project("{9A19103F-16F7-4668-BE54-9A1E7A4F7556}") = "Flyweight1Demo", "Flyweight1Demo\Flyweight1Demo.csproj", "{5D247A09-29D8-4B2E-AEE0-CC2E15F4DA85}"
EndProject
Project("{9A19103F-16F7-4668-BE54-9A1E7A4F7556}") = "Flyweight2Demo", "Flyweight2Demo\Flyweight2Demo.csproj", "{395E9102-1C3A-4E50-99B4-CE2A95ECC2E2}"
EndProject
Project("{9A19103F-16F7-4668-BE54-9A1E7A4F7556}") = "Flyweight3Demo", "Flyweight3Demo\Flyweight3Demo.csproj", "{DE821285-6395-4B48-9A58-535405627F53}"
EndProject
Project("{2150E333-8FDC-42A3-9474-1A3956D46DE8}") = "Proxy", "Proxy", "{1B89E9D8-9245-4A79-AC23-306707F6B05F}"
	ProjectSection(SolutionItems) = preProject
		Proxy.md = Proxy.md
	EndProjectSection
EndProject
Project("{9A19103F-16F7-4668-BE54-9A1E7A4F7556}") = "Proxy1Demo", "Proxy1Demo\Proxy1Demo.csproj", "{44F6D02C-E492-46FC-91AF-055C762F4F9C}"
EndProject
Project("{9A19103F-16F7-4668-BE54-9A1E7A4F7556}") = "Proxy2Demo", "Proxy2Demo\Proxy2Demo.csproj", "{85B08DF0-ABD3-4608-8B59-F1108A0B64E4}"
EndProject
Project("{9A19103F-16F7-4668-BE54-9A1E7A4F7556}") = "Proxy3Demo", "Proxy3Demo\Proxy3Demo.csproj", "{620F8423-6E56-40C4-86C8-FB2FD885A979}"
EndProject
Project("{9A19103F-16F7-4668-BE54-9A1E7A4F7556}") = "Proxy4Demo", "Proxy4Demo\Proxy4Demo.csproj", "{B359FAC4-8E55-48AA-B9EB-43C21A24D296}"
EndProject
Project("{9A19103F-16F7-4668-BE54-9A1E7A4F7556}") = "Proxy5Demo", "Proxy5Demo\Proxy5Demo.csproj", "{AF4B14BF-078F-4A80-B166-3163452F272E}"
EndProject
Project("{9A19103F-16F7-4668-BE54-9A1E7A4F7556}") = "Proxy6Demo", "Proxy6Demo\Proxy6Demo.csproj", "{22896949-AEE2-45D0-9639-97104B3719C1}"
EndProject
Project("{2150E333-8FDC-42A3-9474-1A3956D46DE8}") = "3- Behavioral", "3- Behavioral", "{DC5F0C6E-63B6-4A49-B826-FA60D9FCD67C}"
	ProjectSection(SolutionItems) = preProject
		BehavioralPattern.md = BehavioralPattern.md
	EndProjectSection
EndProject
Project("{2150E333-8FDC-42A3-9474-1A3956D46DE8}") = "1- ChainOfResponsibility", "1- ChainOfResponsibility", "{EE40B69F-6D7F-4702-BAA6-7B5A3D0EA19E}"
	ProjectSection(SolutionItems) = preProject
		ChainOfResponsibility.md = ChainOfResponsibility.md
		Demo4VsDemo5.md = Demo4VsDemo5.md
	EndProjectSection
EndProject
Project("{9A19103F-16F7-4668-BE54-9A1E7A4F7556}") = "ChainOfResponsibility1Demo", "ChainOfResponsibility1Demo\ChainOfResponsibility1Demo.csproj", "{E89C6AB6-E60F-4F2E-BFEF-AB768E8D1138}"
EndProject
Project("{9A19103F-16F7-4668-BE54-9A1E7A4F7556}") = "ChainOfResponsibility3Demo", "ChainOfResponsibility3Demo\ChainOfResponsibility3Demo.csproj", "{6B57B81F-8E80-4921-9109-3964AC7938DF}"
EndProject
Project("{9A19103F-16F7-4668-BE54-9A1E7A4F7556}") = "ChainOfResponsibility4Demo", "ChainOfResponsibility4Demo\ChainOfResponsibility4Demo.csproj", "{CB3A0FC8-3AC9-48E4-8AC2-08B663EB96B4}"
EndProject
Project("{2150E333-8FDC-42A3-9474-1A3956D46DE8}") = "2- Command", "2- Command", "{D7E4B63D-6E8C-44BB-823F-747BEED5B15A}"
	ProjectSection(SolutionItems) = preProject
		Command.md = Command.md
		Steps implementation.md = Steps implementation.md
	EndProjectSection
EndProject
Project("{9A19103F-16F7-4668-BE54-9A1E7A4F7556}") = "Command1Demo", "Command1Demo\Command1Demo.csproj", "{5CCED48F-182D-4656-9E7D-C9164AE42808}"
EndProject
Project("{9A19103F-16F7-4668-BE54-9A1E7A4F7556}") = "Command2Demo", "Command2Demo\Command2Demo.csproj", "{C7CECECC-2B03-40B7-A469-104B85645F48}"
EndProject
Project("{9A19103F-16F7-4668-BE54-9A1E7A4F7556}") = "Command3Demo", "Command3Demo\Command3Demo.csproj", "{BCDB5B6A-A551-4A80-BBB4-C357BBF520A0}"
EndProject
Project("{2150E333-8FDC-42A3-9474-1A3956D46DE8}") = "3- Interpreter", "3- Interpreter", "{3F0E5EE5-FB27-4C79-9E4D-C7479D5BA8F2}"
	ProjectSection(SolutionItems) = preProject
		Interpreter.txt = Interpreter.txt
	EndProjectSection
EndProject
Project("{9A19103F-16F7-4668-BE54-9A1E7A4F7556}") = "Interpreter1Demo", "Interpreter1Demo\Interpreter1Demo.csproj", "{117131B3-76A4-4F39-ACB4-C1639A3FAD04}"
EndProject
Project("{2150E333-8FDC-42A3-9474-1A3956D46DE8}") = "4- Iterator", "4- Iterator", "{F8CF19FE-EF65-4717-B099-6481489FB79C}"
	ProjectSection(SolutionItems) = preProject
		Iterator.txt = Iterator.txt
	EndProjectSection
EndProject
Project("{9A19103F-16F7-4668-BE54-9A1E7A4F7556}") = "Iterator1Demo", "Iterator1Demo\Iterator1Demo.csproj", "{EF0BE807-B55E-4264-9F5F-EB2CC2FB2441}"
EndProject
Project("{9A19103F-16F7-4668-BE54-9A1E7A4F7556}") = "Iterator2Demo", "Iterator2Demo\Iterator2Demo.csproj", "{4A0C853E-93EB-407C-86A5-FBEA01BFC588}"
EndProject
Project("{9A19103F-16F7-4668-BE54-9A1E7A4F7556}") = "Iterator3Demo", "Iterator3Demo\Iterator3Demo.csproj", "{96D6E8BA-6478-4408-8677-3A3948901EAD}"
EndProject
Project("{2150E333-8FDC-42A3-9474-1A3956D46DE8}") = "5- Mediator", "5- Mediator", "{37D93528-AD00-49BD-9D05-588FF84ADC8A}"
	ProjectSection(SolutionItems) = preProject
		Mediator.txt = Mediator.txt
	EndProjectSection
EndProject
Project("{9A19103F-16F7-4668-BE54-9A1E7A4F7556}") = "Mediator1Demo", "Mediator1Demo\Mediator1Demo.csproj", "{E7ACF6AF-71A0-4C23-A9F6-40A7B13A9C29}"
EndProject
Project("{9A19103F-16F7-4668-BE54-9A1E7A4F7556}") = "Mediator2Demo", "Mediator2Demo\Mediator2Demo.csproj", "{02C0A181-8D2A-4D3C-80E6-33352BBCFD5B}"
EndProject
Project("{2150E333-8FDC-42A3-9474-1A3956D46DE8}") = "6- Memento", "6- Memento", "{D6106686-A1D4-49EF-A622-555FA5A728EC}"
	ProjectSection(SolutionItems) = preProject
		Memento.txt = Memento.txt
	EndProjectSection
EndProject
Project("{9A19103F-16F7-4668-BE54-9A1E7A4F7556}") = "Memento1Demo", "Memento1Demo\Memento1Demo.csproj", "{4C58DB0A-050E-43A3-9DB6-2E25A254256D}"
EndProject
Project("{9A19103F-16F7-4668-BE54-9A1E7A4F7556}") = "Memento2Demo", "Memento2Demo\Memento2Demo.csproj", "{29DF88B2-763E-4C12-971A-0E958A4FB830}"
EndProject
Project("{9A19103F-16F7-4668-BE54-9A1E7A4F7556}") = "Memento3Demo", "Memento3Demo\Memento3Demo.csproj", "{BB85B98A-ABD1-4764-9460-AE0A99B9C4CF}"
EndProject
Project("{2150E333-8FDC-42A3-9474-1A3956D46DE8}") = "7- Observer", "7- Observer", "{0AAA7DE0-6F2E-4230-B26C-6B6178FF4372}"
	ProjectSection(SolutionItems) = preProject
		Observer.txt = Observer.txt
	EndProjectSection
EndProject
Project("{9A19103F-16F7-4668-BE54-9A1E7A4F7556}") = "Observer1Demo", "Observer1Demo\Observer1Demo.csproj", "{4FB57308-3E3F-4CEE-9B7D-ED95B5132681}"
EndProject
Project("{9A19103F-16F7-4668-BE54-9A1E7A4F7556}") = "Observer2Demo", "Observer2Demo\Observer2Demo.csproj", "{C07FF9DA-FC8A-462C-A7B1-E9565D40455C}"
EndProject
Project("{9A19103F-16F7-4668-BE54-9A1E7A4F7556}") = "Observer3Demo", "Observer3Demo\Observer3Demo.csproj", "{1AE501AA-D897-40DC-87D6-5265811E961C}"
EndProject
Project("{9A19103F-16F7-4668-BE54-9A1E7A4F7556}") = "Observer4Demo", "Observer4Demo\Observer4Demo.csproj", "{403DD981-9C05-46A1-B8E9-8633CEEB4F18}"
EndProject
Project("{2150E333-8FDC-42A3-9474-1A3956D46DE8}") = "8- State", "8- State", "{C886713D-B02F-465E-8725-11B5EA24C49F}"
	ProjectSection(SolutionItems) = preProject
		8- State.txt = 8- State.txt
	EndProjectSection
EndProject
Project("{9A19103F-16F7-4668-BE54-9A1E7A4F7556}") = "State1Demo", "State1Demo\State1Demo.csproj", "{71782703-7D88-4A38-8C43-DB50E0405DD1}"
EndProject
Project("{9A19103F-16F7-4668-BE54-9A1E7A4F7556}") = "State2Demo", "State2Demo\State2Demo.csproj", "{98C690DB-E52C-40B6-90D5-8DA9A82B9BEB}"
EndProject
Project("{2150E333-8FDC-42A3-9474-1A3956D46DE8}") = "8- Strategy", "8- Strategy", "{72C02E71-606E-49E7-BFAD-1BC076EC679B}"
	ProjectSection(SolutionItems) = preProject
		Strategy.txt = Strategy.txt
	EndProjectSection
EndProject
Project("{9A19103F-16F7-4668-BE54-9A1E7A4F7556}") = "Strategy1Demo", "Strategy1Demo\Strategy1Demo.csproj", "{4731EC8C-2506-4BBB-8A07-14C65E5C18FE}"
EndProject
Project("{9A19103F-16F7-4668-BE54-9A1E7A4F7556}") = "Strategy2Demo", "Strategy2Demo\Strategy2Demo.csproj", "{DDEDEA13-C88E-4AEC-A289-8AC25FB31C47}"
EndProject
Project("{2150E333-8FDC-42A3-9474-1A3956D46DE8}") = "9- Template", "9- Template", "{43D99DA6-DF04-4CE6-9016-1280EC31A1F2}"
	ProjectSection(SolutionItems) = preProject
		TemplateDescription.txt = TemplateDescription.txt
	EndProjectSection
EndProject
Project("{9A19103F-16F7-4668-BE54-9A1E7A4F7556}") = "Template1Demo", "Template1Demo\Template1Demo.csproj", "{CE0343A0-CF81-4BA4-80CD-56EF68AB5F98}"
EndProject
Project("{9A19103F-16F7-4668-BE54-9A1E7A4F7556}") = "Template2Demo", "Template2Demo\Template2Demo.csproj", "{848184A4-DCD3-4333-84F0-3EA4EA77D4E2}"
EndProject
Project("{9A19103F-16F7-4668-BE54-9A1E7A4F7556}") = "Factory3Demo", "Factory3Demo\Factory3Demo.csproj", "{D8D5BE36-18D8-4F96-BEB4-B5B13B705C62}"
EndProject
Project("{9A19103F-16F7-4668-BE54-9A1E7A4F7556}") = "Factory4Demo", "Factory4Demo\Factory4Demo.csproj", "{95DEA1DA-312E-4134-BD72-3021DC8B5802}"
EndProject
Project("{9A19103F-16F7-4668-BE54-9A1E7A4F7556}") = "Factory5Demo", "Factory5Demo\Factory5Demo.csproj", "{7233C759-E524-432F-8B3B-6CD5796A6D45}"
EndProject
Project("{9A19103F-16F7-4668-BE54-9A1E7A4F7556}") = "Factory6Demo", "Factory6Demo\Factory6Demo.csproj", "{833A2A7B-8FF8-42C6-AA89-9823BCD2CF90}"
EndProject
Project("{9A19103F-16F7-4668-BE54-9A1E7A4F7556}") = "AbstractFactory1Demo", "AbstractFactory1Demo\AbstractFactory1Demo.csproj", "{05D85953-9196-4E65-B659-1B02CB479D7F}"
EndProject
Project("{9A19103F-16F7-4668-BE54-9A1E7A4F7556}") = "AbstractFactory2Demo", "AbstractFactory2Demo\AbstractFactory2Demo.csproj", "{8E8270D1-4994-4AD1-9B37-C419806E1A42}"
EndProject
Project("{9A19103F-16F7-4668-BE54-9A1E7A4F7556}") = "AbstractFactory4Demo", "AbstractFactory4Demo\AbstractFactory4Demo.csproj", "{701A907D-B5D4-4AEE-87F2-AFA6B79714A9}"
EndProject
Project("{9A19103F-16F7-4668-BE54-9A1E7A4F7556}") = "AbstractFactory5Demo", "AbstractFactory5Demo\AbstractFactory5Demo.csproj", "{CFE6F413-6B97-484C-B041-B725A6944CA2}"
EndProject
Project("{9A19103F-16F7-4668-BE54-9A1E7A4F7556}") = "AbstractFactory6Demo", "AbstractFactory7Demo\AbstractFactory6Demo.csproj", "{1467ABDD-FBF6-4A5D-9514-F68EF6CDC588}"
EndProject
Project("{9A19103F-16F7-4668-BE54-9A1E7A4F7556}") = "Builder3Demo", "Builder3Demo\Builder3Demo.csproj", "{04C799AE-2237-4661-B428-34C48D132B8B}"
EndProject
Project("{9A19103F-16F7-4668-BE54-9A1E7A4F7556}") = "Builder4Demo", "Builder4Demo\Builder4Demo.csproj", "{02F051FF-F483-4647-B076-A590306E2698}"
EndProject
Project("{9A19103F-16F7-4668-BE54-9A1E7A4F7556}") = "Builder5Demo", "Builder5Demo\Builder5Demo.csproj", "{2D36A2C3-68DF-4E58-A190-19DA8ACA0F2C}"
EndProject
Project("{9A19103F-16F7-4668-BE54-9A1E7A4F7556}") = "Builder6Demo", "Builder6Demo\Builder6Demo.csproj", "{3BD5D16B-F2EF-4C8F-85C0-E5E9E4B74111}"
EndProject
Project("{9A19103F-16F7-4668-BE54-9A1E7A4F7556}") = "Builder7Demo", "Builder7Demo\Builder7Demo.csproj", "{203CAF4E-76AA-4F79-9DE4-9082C1862F57}"
EndProject
Project("{9A19103F-16F7-4668-BE54-9A1E7A4F7556}") = "Builder8Demo", "Builder8Demo\Builder8Demo.csproj", "{011B4311-41A7-4E95-BCC1-1B5237821D46}"
EndProject
Project("{9A19103F-16F7-4668-BE54-9A1E7A4F7556}") = "Prototype2Demo", "Prototype2Demo\Prototype2Demo.csproj", "{201C4276-2B42-4821-B0F5-D5237C341D73}"
EndProject
Project("{9A19103F-16F7-4668-BE54-9A1E7A4F7556}") = "Prototype3Demo", "Prototype3Demo\Prototype3Demo.csproj", "{CDF8A2D5-8654-4104-8A5B-FA513FA1EBA0}"
EndProject
Project("{9A19103F-16F7-4668-BE54-9A1E7A4F7556}") = "Prototype4Demo", "Prototype4Demo\Prototype4Demo.csproj", "{6D104283-2D01-446C-A894-F51AD6749112}"
EndProject
Project("{9A19103F-16F7-4668-BE54-9A1E7A4F7556}") = "Prototype5Demo", "Prototype5Demo\Prototype5Demo.csproj", "{6B713931-9E1D-4E89-B007-A16E40A3D912}"
EndProject
Project("{9A19103F-16F7-4668-BE54-9A1E7A4F7556}") = "Prototype6Demo", "Prototype6Demo\Prototype6Demo.csproj", "{E1847A36-E858-47A9-97A5-E9E4D9E2108F}"
EndProject
Project("{9A19103F-16F7-4668-BE54-9A1E7A4F7556}") = "Singleton2Demo", "Singleton2Demo\Singleton2Demo.csproj", "{B853EF3C-F811-422E-A27B-95CE8694E47D}"
EndProject
Project("{9A19103F-16F7-4668-BE54-9A1E7A4F7556}") = "Singleton3Demo", "Singleton3Demo\Singleton3Demo.csproj", "{1BA1F8F3-4428-46D5-8E40-02A8CD7C6527}"
EndProject
Project("{9A19103F-16F7-4668-BE54-9A1E7A4F7556}") = "Singleton4Demo", "Singleton4Demo\Singleton4Demo.csproj", "{FF033DD5-72CC-4C96-ADBA-4E8DC89CBDD0}"
EndProject
Project("{9A19103F-16F7-4668-BE54-9A1E7A4F7556}") = "Singleton5Demo", "Singleton5Demo\Singleton5Demo.csproj", "{062C8A30-010F-488D-B6D5-31604366582A}"
EndProject
Project("{9A19103F-16F7-4668-BE54-9A1E7A4F7556}") = "Singleton6Demo", "Singleton6Demo\Singleton6Demo.csproj", "{CD7F51C2-F427-4A9E-B91A-EA1B1BA0907E}"
EndProject
Project("{9A19103F-16F7-4668-BE54-9A1E7A4F7556}") = "Singleton7Demo", "Singleton7Demo\Singleton7Demo.csproj", "{2F20E1C5-5BC4-4F21-88C5-4515DAC6469B}"
EndProject
Project("{9A19103F-16F7-4668-BE54-9A1E7A4F7556}") = "Singleton8Demo", "Singleton8Demo\Singleton8Demo.csproj", "{C0B0792C-78F7-4D89-AA70-CD83F2431A27}"
EndProject
Project("{9A19103F-16F7-4668-BE54-9A1E7A4F7556}") = "Singleton9Demo", "Singleton9Demo\Singleton9Demo.csproj", "{23AB971A-9001-4A99-B1B2-E2066498A4EA}"
EndProject
Project("{9A19103F-16F7-4668-BE54-9A1E7A4F7556}") = "Adapter6Demo", "Adapter6Demo\Adapter6Demo.csproj", "{FB62FFAA-C019-47D4-AD49-1014B6EB14D4}"
EndProject
Project("{9A19103F-16F7-4668-BE54-9A1E7A4F7556}") = "Adapter7Demo", "Adapter7Demo\Adapter7Demo.csproj", "{66C34E2A-5175-460B-9C5D-B9F9A15972CA}"
EndProject
Project("{9A19103F-16F7-4668-BE54-9A1E7A4F7556}") = "Adapter8Demo", "Adapter8Demo\Adapter8Demo.csproj", "{FBD33CB7-41B3-4642-ABDB-9F8A7DD40EE2}"
EndProject
Project("{9A19103F-16F7-4668-BE54-9A1E7A4F7556}") = "Adapter9Demo", "Adapter9Demo\Adapter9Demo.csproj", "{263998BD-C213-4CD1-867D-E007BC1540A8}"
EndProject
Project("{9A19103F-16F7-4668-BE54-9A1E7A4F7556}") = "Adapter10Demo", "Adapter10Demo\Adapter10Demo.csproj", "{7C1E9DEA-0CE6-4742-9AEC-BA74353D775F}"
EndProject
Project("{9A19103F-16F7-4668-BE54-9A1E7A4F7556}") = "Bridge4Demo", "Bridge4Demo\Bridge4Demo.csproj", "{52E6F700-B889-4604-92E7-403B40187CD0}"
EndProject
Project("{9A19103F-16F7-4668-BE54-9A1E7A4F7556}") = "Bridge5Demo", "Bridge5Demo\Bridge5Demo.csproj", "{335B7369-63B0-4618-8A04-9A073D547D23}"
EndProject
Project("{9A19103F-16F7-4668-BE54-9A1E7A4F7556}") = "Bridge6Demo", "Bridge6Demo\Bridge6Demo.csproj", "{37F9352A-A095-4D5B-8E0B-A78D65EAFE61}"
EndProject
Project("{9A19103F-16F7-4668-BE54-9A1E7A4F7556}") = "Composite4Demo", "Composite4Demo\Composite4Demo.csproj", "{51994186-0E08-4F32-BA46-67063E011D3D}"
EndProject
Project("{9A19103F-16F7-4668-BE54-9A1E7A4F7556}") = "Composite5Demo", "Composite5Demo\Composite5Demo.csproj", "{45152A5F-0996-4BBA-92DB-3A9669DC10DD}"
EndProject
Project("{9A19103F-16F7-4668-BE54-9A1E7A4F7556}") = "Decorator1Demo", "Decorator1Demo\Decorator1Demo.csproj", "{4DDB7002-56FF-42BD-80BD-E393A35CE7D0}"
EndProject
Project("{9A19103F-16F7-4668-BE54-9A1E7A4F7556}") = "Decorator4Demo", "Decorator4Demo\Decorator4Demo.csproj", "{46835D91-F2A8-46DD-AD41-F0F900A80982}"
EndProject
Project("{9A19103F-16F7-4668-BE54-9A1E7A4F7556}") = "Decorator5Demo", "Decorator5Demo\Decorator5Demo.csproj", "{8C14E826-CBAC-4F1A-BD35-4FCBA4B5830C}"
EndProject
Project("{9A19103F-16F7-4668-BE54-9A1E7A4F7556}") = "Decorator6Demo", "Decorator6Demo\Decorator6Demo.csproj", "{C6D33684-EAF9-480E-9EA5-5FBFF567E203}"
EndProject
Project("{9A19103F-16F7-4668-BE54-9A1E7A4F7556}") = "Decorator7Demo", "Decorator7Demo\Decorator7Demo.csproj", "{AEBC330F-FF14-4224-8249-CE0B9CA0AE27}"
EndProject
Project("{9A19103F-16F7-4668-BE54-9A1E7A4F7556}") = "Facade3Demo", "Facade3Demo\Facade3Demo.csproj", "{BA6EB37A-7635-4F8A-B5AF-AB68D99B9A3D}"
EndProject
Project("{9A19103F-16F7-4668-BE54-9A1E7A4F7556}") = "Facade4Demo", "Facade4Demo\Facade4Demo.csproj", "{14A39A47-E9BF-4AD8-AA16-EB9130CFB550}"
EndProject
Project("{9A19103F-16F7-4668-BE54-9A1E7A4F7556}") = "Facade5Demo", "Facade5Demo\Facade5Demo.csproj", "{95CDADBA-9AA3-4ACC-A589-AB1E7FEA13B8}"
EndProject
Project("{9A19103F-16F7-4668-BE54-9A1E7A4F7556}") = "Facade6Demo", "Facade6Demo\Facade6Demo.csproj", "{D4780743-C241-4B41-9EED-CA4AAE87E7EF}"
EndProject
Project("{9A19103F-16F7-4668-BE54-9A1E7A4F7556}") = "Facade7Demo", "Facade7Demo\Facade7Demo.csproj", "{00F101CE-F3AA-4C0D-940E-15B5EA722749}"
EndProject
Project("{9A19103F-16F7-4668-BE54-9A1E7A4F7556}") = "Facade8Demo", "Facade8Demo\Facade8Demo.csproj", "{0F2556DE-7012-4491-ADBD-17F95329D52E}"
EndProject
Project("{9A19103F-16F7-4668-BE54-9A1E7A4F7556}") = "Flyweight4Demo", "Flyweight4Demo\Flyweight4Demo.csproj", "{5CAC516F-7CAC-402E-AF15-E9E02F87896E}"
EndProject
Project("{9A19103F-16F7-4668-BE54-9A1E7A4F7556}") = "Flyweight5Demo", "Flyweight5Demo\Flyweight5Demo.csproj", "{253DAB57-F5B8-4330-94D1-2E8961B50B82}"
EndProject
Project("{9A19103F-16F7-4668-BE54-9A1E7A4F7556}") = "Proxy7Demo", "Proxy7Demo\Proxy7Demo.csproj", "{263918C7-1081-4076-9F3B-E9686F1AC6EA}"
EndProject
Project("{9A19103F-16F7-4668-BE54-9A1E7A4F7556}") = "Proxy8Demo", "Proxy8Demo\Proxy8Demo.csproj", "{907BF634-0AD8-4557-98C2-82C3D357C7E9}"
EndProject
Project("{9A19103F-16F7-4668-BE54-9A1E7A4F7556}") = "ChainOfResponsibility0Demo", "ChainOfResponsibility0Demo\ChainOfResponsibility0Demo.csproj", "{767E6B68-6C1B-489E-A529-F077131E6005}"
EndProject
Project("{9A19103F-16F7-4668-BE54-9A1E7A4F7556}") = "ChainOfResponsibility5Demo", "ChainOfResponsibility5Demo\ChainOfResponsibility5Demo.csproj", "{C250851E-A5AC-4CD1-8D72-2F6E553CE1C8}"
EndProject
Project("{FAE04EC0-301F-11D3-BF4B-00C04F79EFBC}") = "ChainOfResponsibility6Demo", "ChainOfResponsibility6Demo\ChainOfResponsibility6Demo.csproj", "{3C157A96-29D3-48F4-8422-CEE9DACE11DD}"
EndProject
Global
	GlobalSection(SolutionConfigurationPlatforms) = preSolution
		Debug|Any CPU = Debug|Any CPU
		Release|Any CPU = Release|Any CPU
	EndGlobalSection
	GlobalSection(ProjectConfigurationPlatforms) = postSolution
		{A9D26559-9054-46E6-AB18-FB261DEF596C}.Debug|Any CPU.ActiveCfg = Debug|Any CPU
		{A9D26559-9054-46E6-AB18-FB261DEF596C}.Debug|Any CPU.Build.0 = Debug|Any CPU
		{A9D26559-9054-46E6-AB18-FB261DEF596C}.Release|Any CPU.ActiveCfg = Release|Any CPU
		{A9D26559-9054-46E6-AB18-FB261DEF596C}.Release|Any CPU.Build.0 = Release|Any CPU
		{3236773B-85D3-4FCC-B146-F127B9FF4856}.Debug|Any CPU.ActiveCfg = Debug|Any CPU
		{3236773B-85D3-4FCC-B146-F127B9FF4856}.Debug|Any CPU.Build.0 = Debug|Any CPU
		{3236773B-85D3-4FCC-B146-F127B9FF4856}.Release|Any CPU.ActiveCfg = Release|Any CPU
		{3236773B-85D3-4FCC-B146-F127B9FF4856}.Release|Any CPU.Build.0 = Release|Any CPU
		{1770BC95-1052-453B-AFA7-782E276912A5}.Debug|Any CPU.ActiveCfg = Debug|Any CPU
		{1770BC95-1052-453B-AFA7-782E276912A5}.Debug|Any CPU.Build.0 = Debug|Any CPU
		{1770BC95-1052-453B-AFA7-782E276912A5}.Release|Any CPU.ActiveCfg = Release|Any CPU
		{1770BC95-1052-453B-AFA7-782E276912A5}.Release|Any CPU.Build.0 = Release|Any CPU
		{5CB62492-BF04-40EF-8D6C-EC2126B40679}.Debug|Any CPU.ActiveCfg = Debug|Any CPU
		{5CB62492-BF04-40EF-8D6C-EC2126B40679}.Debug|Any CPU.Build.0 = Debug|Any CPU
		{5CB62492-BF04-40EF-8D6C-EC2126B40679}.Release|Any CPU.ActiveCfg = Release|Any CPU
		{5CB62492-BF04-40EF-8D6C-EC2126B40679}.Release|Any CPU.Build.0 = Release|Any CPU
		{264AC61E-6623-4AD0-9705-D1371DD66ABA}.Debug|Any CPU.ActiveCfg = Debug|Any CPU
		{264AC61E-6623-4AD0-9705-D1371DD66ABA}.Debug|Any CPU.Build.0 = Debug|Any CPU
		{264AC61E-6623-4AD0-9705-D1371DD66ABA}.Release|Any CPU.ActiveCfg = Release|Any CPU
		{264AC61E-6623-4AD0-9705-D1371DD66ABA}.Release|Any CPU.Build.0 = Release|Any CPU
		{8C7AE413-B6BA-4459-B6F9-BDA75E49FADE}.Debug|Any CPU.ActiveCfg = Debug|Any CPU
		{8C7AE413-B6BA-4459-B6F9-BDA75E49FADE}.Debug|Any CPU.Build.0 = Debug|Any CPU
		{8C7AE413-B6BA-4459-B6F9-BDA75E49FADE}.Release|Any CPU.ActiveCfg = Release|Any CPU
		{8C7AE413-B6BA-4459-B6F9-BDA75E49FADE}.Release|Any CPU.Build.0 = Release|Any CPU
		{8B9FF917-6670-4D0A-BF32-757DEEFE009D}.Debug|Any CPU.ActiveCfg = Debug|Any CPU
		{8B9FF917-6670-4D0A-BF32-757DEEFE009D}.Debug|Any CPU.Build.0 = Debug|Any CPU
		{8B9FF917-6670-4D0A-BF32-757DEEFE009D}.Release|Any CPU.ActiveCfg = Release|Any CPU
		{8B9FF917-6670-4D0A-BF32-757DEEFE009D}.Release|Any CPU.Build.0 = Release|Any CPU
		{E82233D0-3909-4195-A3D5-E41F61C0DBF1}.Debug|Any CPU.ActiveCfg = Debug|Any CPU
		{E82233D0-3909-4195-A3D5-E41F61C0DBF1}.Debug|Any CPU.Build.0 = Debug|Any CPU
		{E82233D0-3909-4195-A3D5-E41F61C0DBF1}.Release|Any CPU.ActiveCfg = Release|Any CPU
		{E82233D0-3909-4195-A3D5-E41F61C0DBF1}.Release|Any CPU.Build.0 = Release|Any CPU
		{378A651A-5376-42D1-9CF2-FC1F3AA2876B}.Debug|Any CPU.ActiveCfg = Debug|Any CPU
		{378A651A-5376-42D1-9CF2-FC1F3AA2876B}.Debug|Any CPU.Build.0 = Debug|Any CPU
		{378A651A-5376-42D1-9CF2-FC1F3AA2876B}.Release|Any CPU.ActiveCfg = Release|Any CPU
		{378A651A-5376-42D1-9CF2-FC1F3AA2876B}.Release|Any CPU.Build.0 = Release|Any CPU
		{0DF80F22-A6B1-4C06-B6D7-E7FC81912407}.Debug|Any CPU.ActiveCfg = Debug|Any CPU
		{0DF80F22-A6B1-4C06-B6D7-E7FC81912407}.Debug|Any CPU.Build.0 = Debug|Any CPU
		{0DF80F22-A6B1-4C06-B6D7-E7FC81912407}.Release|Any CPU.ActiveCfg = Release|Any CPU
		{0DF80F22-A6B1-4C06-B6D7-E7FC81912407}.Release|Any CPU.Build.0 = Release|Any CPU
		{8B58F267-026B-4898-ADE2-2A305195D5BD}.Debug|Any CPU.ActiveCfg = Debug|Any CPU
		{8B58F267-026B-4898-ADE2-2A305195D5BD}.Debug|Any CPU.Build.0 = Debug|Any CPU
		{8B58F267-026B-4898-ADE2-2A305195D5BD}.Release|Any CPU.ActiveCfg = Release|Any CPU
		{8B58F267-026B-4898-ADE2-2A305195D5BD}.Release|Any CPU.Build.0 = Release|Any CPU
		{F9CCBB0D-D2A8-44B8-BBA4-DCE9BC3F8D4A}.Debug|Any CPU.ActiveCfg = Debug|Any CPU
		{F9CCBB0D-D2A8-44B8-BBA4-DCE9BC3F8D4A}.Debug|Any CPU.Build.0 = Debug|Any CPU
		{F9CCBB0D-D2A8-44B8-BBA4-DCE9BC3F8D4A}.Release|Any CPU.ActiveCfg = Release|Any CPU
		{F9CCBB0D-D2A8-44B8-BBA4-DCE9BC3F8D4A}.Release|Any CPU.Build.0 = Release|Any CPU
		{B24967D5-037A-4EF6-950A-4805933F050C}.Debug|Any CPU.ActiveCfg = Debug|Any CPU
		{B24967D5-037A-4EF6-950A-4805933F050C}.Debug|Any CPU.Build.0 = Debug|Any CPU
		{B24967D5-037A-4EF6-950A-4805933F050C}.Release|Any CPU.ActiveCfg = Release|Any CPU
		{B24967D5-037A-4EF6-950A-4805933F050C}.Release|Any CPU.Build.0 = Release|Any CPU
		{BD075CEE-72E3-46DD-970D-008FD1B3FBD6}.Debug|Any CPU.ActiveCfg = Debug|Any CPU
		{BD075CEE-72E3-46DD-970D-008FD1B3FBD6}.Debug|Any CPU.Build.0 = Debug|Any CPU
		{BD075CEE-72E3-46DD-970D-008FD1B3FBD6}.Release|Any CPU.ActiveCfg = Release|Any CPU
		{BD075CEE-72E3-46DD-970D-008FD1B3FBD6}.Release|Any CPU.Build.0 = Release|Any CPU
		{07EC321A-80D1-48D2-B9B6-40B5620FCE12}.Debug|Any CPU.ActiveCfg = Debug|Any CPU
		{07EC321A-80D1-48D2-B9B6-40B5620FCE12}.Debug|Any CPU.Build.0 = Debug|Any CPU
		{07EC321A-80D1-48D2-B9B6-40B5620FCE12}.Release|Any CPU.ActiveCfg = Release|Any CPU
		{07EC321A-80D1-48D2-B9B6-40B5620FCE12}.Release|Any CPU.Build.0 = Release|Any CPU
		{2F0DF657-5E55-47AA-8438-4D9C658A2F2C}.Debug|Any CPU.ActiveCfg = Debug|Any CPU
		{2F0DF657-5E55-47AA-8438-4D9C658A2F2C}.Debug|Any CPU.Build.0 = Debug|Any CPU
		{2F0DF657-5E55-47AA-8438-4D9C658A2F2C}.Release|Any CPU.ActiveCfg = Release|Any CPU
		{2F0DF657-5E55-47AA-8438-4D9C658A2F2C}.Release|Any CPU.Build.0 = Release|Any CPU
		{6C0654AA-88C6-4DED-9828-6D24BD2A2432}.Debug|Any CPU.ActiveCfg = Debug|Any CPU
		{6C0654AA-88C6-4DED-9828-6D24BD2A2432}.Debug|Any CPU.Build.0 = Debug|Any CPU
		{6C0654AA-88C6-4DED-9828-6D24BD2A2432}.Release|Any CPU.ActiveCfg = Release|Any CPU
		{6C0654AA-88C6-4DED-9828-6D24BD2A2432}.Release|Any CPU.Build.0 = Release|Any CPU
		{2A5E269C-73D9-4BC7-8238-75CE1135D1A3}.Debug|Any CPU.ActiveCfg = Debug|Any CPU
		{2A5E269C-73D9-4BC7-8238-75CE1135D1A3}.Debug|Any CPU.Build.0 = Debug|Any CPU
		{2A5E269C-73D9-4BC7-8238-75CE1135D1A3}.Release|Any CPU.ActiveCfg = Release|Any CPU
		{2A5E269C-73D9-4BC7-8238-75CE1135D1A3}.Release|Any CPU.Build.0 = Release|Any CPU
		{C67E9067-45E4-47FA-864E-38333F007049}.Debug|Any CPU.ActiveCfg = Debug|Any CPU
		{C67E9067-45E4-47FA-864E-38333F007049}.Debug|Any CPU.Build.0 = Debug|Any CPU
		{C67E9067-45E4-47FA-864E-38333F007049}.Release|Any CPU.ActiveCfg = Release|Any CPU
		{C67E9067-45E4-47FA-864E-38333F007049}.Release|Any CPU.Build.0 = Release|Any CPU
		{73E2915A-7F72-4B2E-AF76-74F422D8EC69}.Debug|Any CPU.ActiveCfg = Debug|Any CPU
		{73E2915A-7F72-4B2E-AF76-74F422D8EC69}.Debug|Any CPU.Build.0 = Debug|Any CPU
		{73E2915A-7F72-4B2E-AF76-74F422D8EC69}.Release|Any CPU.ActiveCfg = Release|Any CPU
		{73E2915A-7F72-4B2E-AF76-74F422D8EC69}.Release|Any CPU.Build.0 = Release|Any CPU
		{F9FAE254-1FF7-4616-981A-7C4A90A3467E}.Debug|Any CPU.ActiveCfg = Debug|Any CPU
		{F9FAE254-1FF7-4616-981A-7C4A90A3467E}.Debug|Any CPU.Build.0 = Debug|Any CPU
		{F9FAE254-1FF7-4616-981A-7C4A90A3467E}.Release|Any CPU.ActiveCfg = Release|Any CPU
		{F9FAE254-1FF7-4616-981A-7C4A90A3467E}.Release|Any CPU.Build.0 = Release|Any CPU
		{3AEC0CDF-936D-44FE-91B7-A7AFE05923CF}.Debug|Any CPU.ActiveCfg = Debug|Any CPU
		{3AEC0CDF-936D-44FE-91B7-A7AFE05923CF}.Debug|Any CPU.Build.0 = Debug|Any CPU
		{3AEC0CDF-936D-44FE-91B7-A7AFE05923CF}.Release|Any CPU.ActiveCfg = Release|Any CPU
		{3AEC0CDF-936D-44FE-91B7-A7AFE05923CF}.Release|Any CPU.Build.0 = Release|Any CPU
		{5D247A09-29D8-4B2E-AEE0-CC2E15F4DA85}.Debug|Any CPU.ActiveCfg = Debug|Any CPU
		{5D247A09-29D8-4B2E-AEE0-CC2E15F4DA85}.Debug|Any CPU.Build.0 = Debug|Any CPU
		{5D247A09-29D8-4B2E-AEE0-CC2E15F4DA85}.Release|Any CPU.ActiveCfg = Release|Any CPU
		{5D247A09-29D8-4B2E-AEE0-CC2E15F4DA85}.Release|Any CPU.Build.0 = Release|Any CPU
		{395E9102-1C3A-4E50-99B4-CE2A95ECC2E2}.Debug|Any CPU.ActiveCfg = Debug|Any CPU
		{395E9102-1C3A-4E50-99B4-CE2A95ECC2E2}.Debug|Any CPU.Build.0 = Debug|Any CPU
		{395E9102-1C3A-4E50-99B4-CE2A95ECC2E2}.Release|Any CPU.ActiveCfg = Release|Any CPU
		{395E9102-1C3A-4E50-99B4-CE2A95ECC2E2}.Release|Any CPU.Build.0 = Release|Any CPU
		{DE821285-6395-4B48-9A58-535405627F53}.Debug|Any CPU.ActiveCfg = Debug|Any CPU
		{DE821285-6395-4B48-9A58-535405627F53}.Debug|Any CPU.Build.0 = Debug|Any CPU
		{DE821285-6395-4B48-9A58-535405627F53}.Release|Any CPU.ActiveCfg = Release|Any CPU
		{DE821285-6395-4B48-9A58-535405627F53}.Release|Any CPU.Build.0 = Release|Any CPU
		{44F6D02C-E492-46FC-91AF-055C762F4F9C}.Debug|Any CPU.ActiveCfg = Debug|Any CPU
		{44F6D02C-E492-46FC-91AF-055C762F4F9C}.Debug|Any CPU.Build.0 = Debug|Any CPU
		{44F6D02C-E492-46FC-91AF-055C762F4F9C}.Release|Any CPU.ActiveCfg = Release|Any CPU
		{44F6D02C-E492-46FC-91AF-055C762F4F9C}.Release|Any CPU.Build.0 = Release|Any CPU
		{85B08DF0-ABD3-4608-8B59-F1108A0B64E4}.Debug|Any CPU.ActiveCfg = Debug|Any CPU
		{85B08DF0-ABD3-4608-8B59-F1108A0B64E4}.Debug|Any CPU.Build.0 = Debug|Any CPU
		{85B08DF0-ABD3-4608-8B59-F1108A0B64E4}.Release|Any CPU.ActiveCfg = Release|Any CPU
		{85B08DF0-ABD3-4608-8B59-F1108A0B64E4}.Release|Any CPU.Build.0 = Release|Any CPU
		{620F8423-6E56-40C4-86C8-FB2FD885A979}.Debug|Any CPU.ActiveCfg = Debug|Any CPU
		{620F8423-6E56-40C4-86C8-FB2FD885A979}.Debug|Any CPU.Build.0 = Debug|Any CPU
		{620F8423-6E56-40C4-86C8-FB2FD885A979}.Release|Any CPU.ActiveCfg = Release|Any CPU
		{620F8423-6E56-40C4-86C8-FB2FD885A979}.Release|Any CPU.Build.0 = Release|Any CPU
		{B359FAC4-8E55-48AA-B9EB-43C21A24D296}.Debug|Any CPU.ActiveCfg = Debug|Any CPU
		{B359FAC4-8E55-48AA-B9EB-43C21A24D296}.Debug|Any CPU.Build.0 = Debug|Any CPU
		{B359FAC4-8E55-48AA-B9EB-43C21A24D296}.Release|Any CPU.ActiveCfg = Release|Any CPU
		{B359FAC4-8E55-48AA-B9EB-43C21A24D296}.Release|Any CPU.Build.0 = Release|Any CPU
		{AF4B14BF-078F-4A80-B166-3163452F272E}.Debug|Any CPU.ActiveCfg = Debug|Any CPU
		{AF4B14BF-078F-4A80-B166-3163452F272E}.Debug|Any CPU.Build.0 = Debug|Any CPU
		{AF4B14BF-078F-4A80-B166-3163452F272E}.Release|Any CPU.ActiveCfg = Release|Any CPU
		{AF4B14BF-078F-4A80-B166-3163452F272E}.Release|Any CPU.Build.0 = Release|Any CPU
		{22896949-AEE2-45D0-9639-97104B3719C1}.Debug|Any CPU.ActiveCfg = Debug|Any CPU
		{22896949-AEE2-45D0-9639-97104B3719C1}.Debug|Any CPU.Build.0 = Debug|Any CPU
		{22896949-AEE2-45D0-9639-97104B3719C1}.Release|Any CPU.ActiveCfg = Release|Any CPU
		{22896949-AEE2-45D0-9639-97104B3719C1}.Release|Any CPU.Build.0 = Release|Any CPU
		{E89C6AB6-E60F-4F2E-BFEF-AB768E8D1138}.Debug|Any CPU.ActiveCfg = Debug|Any CPU
		{E89C6AB6-E60F-4F2E-BFEF-AB768E8D1138}.Debug|Any CPU.Build.0 = Debug|Any CPU
		{E89C6AB6-E60F-4F2E-BFEF-AB768E8D1138}.Release|Any CPU.ActiveCfg = Release|Any CPU
		{E89C6AB6-E60F-4F2E-BFEF-AB768E8D1138}.Release|Any CPU.Build.0 = Release|Any CPU
		{6B57B81F-8E80-4921-9109-3964AC7938DF}.Debug|Any CPU.ActiveCfg = Debug|Any CPU
		{6B57B81F-8E80-4921-9109-3964AC7938DF}.Debug|Any CPU.Build.0 = Debug|Any CPU
		{6B57B81F-8E80-4921-9109-3964AC7938DF}.Release|Any CPU.ActiveCfg = Release|Any CPU
		{6B57B81F-8E80-4921-9109-3964AC7938DF}.Release|Any CPU.Build.0 = Release|Any CPU
		{CB3A0FC8-3AC9-48E4-8AC2-08B663EB96B4}.Debug|Any CPU.ActiveCfg = Debug|Any CPU
		{CB3A0FC8-3AC9-48E4-8AC2-08B663EB96B4}.Debug|Any CPU.Build.0 = Debug|Any CPU
		{CB3A0FC8-3AC9-48E4-8AC2-08B663EB96B4}.Release|Any CPU.ActiveCfg = Release|Any CPU
		{CB3A0FC8-3AC9-48E4-8AC2-08B663EB96B4}.Release|Any CPU.Build.0 = Release|Any CPU
		{5CCED48F-182D-4656-9E7D-C9164AE42808}.Debug|Any CPU.ActiveCfg = Debug|Any CPU
		{5CCED48F-182D-4656-9E7D-C9164AE42808}.Debug|Any CPU.Build.0 = Debug|Any CPU
		{5CCED48F-182D-4656-9E7D-C9164AE42808}.Release|Any CPU.ActiveCfg = Release|Any CPU
		{5CCED48F-182D-4656-9E7D-C9164AE42808}.Release|Any CPU.Build.0 = Release|Any CPU
		{C7CECECC-2B03-40B7-A469-104B85645F48}.Debug|Any CPU.ActiveCfg = Debug|Any CPU
		{C7CECECC-2B03-40B7-A469-104B85645F48}.Debug|Any CPU.Build.0 = Debug|Any CPU
		{C7CECECC-2B03-40B7-A469-104B85645F48}.Release|Any CPU.ActiveCfg = Release|Any CPU
		{C7CECECC-2B03-40B7-A469-104B85645F48}.Release|Any CPU.Build.0 = Release|Any CPU
		{BCDB5B6A-A551-4A80-BBB4-C357BBF520A0}.Debug|Any CPU.ActiveCfg = Debug|Any CPU
		{BCDB5B6A-A551-4A80-BBB4-C357BBF520A0}.Debug|Any CPU.Build.0 = Debug|Any CPU
		{BCDB5B6A-A551-4A80-BBB4-C357BBF520A0}.Release|Any CPU.ActiveCfg = Release|Any CPU
		{BCDB5B6A-A551-4A80-BBB4-C357BBF520A0}.Release|Any CPU.Build.0 = Release|Any CPU
		{117131B3-76A4-4F39-ACB4-C1639A3FAD04}.Debug|Any CPU.ActiveCfg = Debug|Any CPU
		{117131B3-76A4-4F39-ACB4-C1639A3FAD04}.Debug|Any CPU.Build.0 = Debug|Any CPU
		{117131B3-76A4-4F39-ACB4-C1639A3FAD04}.Release|Any CPU.ActiveCfg = Release|Any CPU
		{117131B3-76A4-4F39-ACB4-C1639A3FAD04}.Release|Any CPU.Build.0 = Release|Any CPU
		{EF0BE807-B55E-4264-9F5F-EB2CC2FB2441}.Debug|Any CPU.ActiveCfg = Debug|Any CPU
		{EF0BE807-B55E-4264-9F5F-EB2CC2FB2441}.Debug|Any CPU.Build.0 = Debug|Any CPU
		{EF0BE807-B55E-4264-9F5F-EB2CC2FB2441}.Release|Any CPU.ActiveCfg = Release|Any CPU
		{EF0BE807-B55E-4264-9F5F-EB2CC2FB2441}.Release|Any CPU.Build.0 = Release|Any CPU
		{4A0C853E-93EB-407C-86A5-FBEA01BFC588}.Debug|Any CPU.ActiveCfg = Debug|Any CPU
		{4A0C853E-93EB-407C-86A5-FBEA01BFC588}.Debug|Any CPU.Build.0 = Debug|Any CPU
		{4A0C853E-93EB-407C-86A5-FBEA01BFC588}.Release|Any CPU.ActiveCfg = Release|Any CPU
		{4A0C853E-93EB-407C-86A5-FBEA01BFC588}.Release|Any CPU.Build.0 = Release|Any CPU
		{96D6E8BA-6478-4408-8677-3A3948901EAD}.Debug|Any CPU.ActiveCfg = Debug|Any CPU
		{96D6E8BA-6478-4408-8677-3A3948901EAD}.Debug|Any CPU.Build.0 = Debug|Any CPU
		{96D6E8BA-6478-4408-8677-3A3948901EAD}.Release|Any CPU.ActiveCfg = Release|Any CPU
		{96D6E8BA-6478-4408-8677-3A3948901EAD}.Release|Any CPU.Build.0 = Release|Any CPU
		{E7ACF6AF-71A0-4C23-A9F6-40A7B13A9C29}.Debug|Any CPU.ActiveCfg = Debug|Any CPU
		{E7ACF6AF-71A0-4C23-A9F6-40A7B13A9C29}.Debug|Any CPU.Build.0 = Debug|Any CPU
		{E7ACF6AF-71A0-4C23-A9F6-40A7B13A9C29}.Release|Any CPU.ActiveCfg = Release|Any CPU
		{E7ACF6AF-71A0-4C23-A9F6-40A7B13A9C29}.Release|Any CPU.Build.0 = Release|Any CPU
		{02C0A181-8D2A-4D3C-80E6-33352BBCFD5B}.Debug|Any CPU.ActiveCfg = Debug|Any CPU
		{02C0A181-8D2A-4D3C-80E6-33352BBCFD5B}.Debug|Any CPU.Build.0 = Debug|Any CPU
		{02C0A181-8D2A-4D3C-80E6-33352BBCFD5B}.Release|Any CPU.ActiveCfg = Release|Any CPU
		{02C0A181-8D2A-4D3C-80E6-33352BBCFD5B}.Release|Any CPU.Build.0 = Release|Any CPU
		{4C58DB0A-050E-43A3-9DB6-2E25A254256D}.Debug|Any CPU.ActiveCfg = Debug|Any CPU
		{4C58DB0A-050E-43A3-9DB6-2E25A254256D}.Debug|Any CPU.Build.0 = Debug|Any CPU
		{4C58DB0A-050E-43A3-9DB6-2E25A254256D}.Release|Any CPU.ActiveCfg = Release|Any CPU
		{4C58DB0A-050E-43A3-9DB6-2E25A254256D}.Release|Any CPU.Build.0 = Release|Any CPU
		{29DF88B2-763E-4C12-971A-0E958A4FB830}.Debug|Any CPU.ActiveCfg = Debug|Any CPU
		{29DF88B2-763E-4C12-971A-0E958A4FB830}.Debug|Any CPU.Build.0 = Debug|Any CPU
		{29DF88B2-763E-4C12-971A-0E958A4FB830}.Release|Any CPU.ActiveCfg = Release|Any CPU
		{29DF88B2-763E-4C12-971A-0E958A4FB830}.Release|Any CPU.Build.0 = Release|Any CPU
		{BB85B98A-ABD1-4764-9460-AE0A99B9C4CF}.Debug|Any CPU.ActiveCfg = Debug|Any CPU
		{BB85B98A-ABD1-4764-9460-AE0A99B9C4CF}.Debug|Any CPU.Build.0 = Debug|Any CPU
		{BB85B98A-ABD1-4764-9460-AE0A99B9C4CF}.Release|Any CPU.ActiveCfg = Release|Any CPU
		{BB85B98A-ABD1-4764-9460-AE0A99B9C4CF}.Release|Any CPU.Build.0 = Release|Any CPU
		{4FB57308-3E3F-4CEE-9B7D-ED95B5132681}.Debug|Any CPU.ActiveCfg = Debug|Any CPU
		{4FB57308-3E3F-4CEE-9B7D-ED95B5132681}.Debug|Any CPU.Build.0 = Debug|Any CPU
		{4FB57308-3E3F-4CEE-9B7D-ED95B5132681}.Release|Any CPU.ActiveCfg = Release|Any CPU
		{4FB57308-3E3F-4CEE-9B7D-ED95B5132681}.Release|Any CPU.Build.0 = Release|Any CPU
		{C07FF9DA-FC8A-462C-A7B1-E9565D40455C}.Debug|Any CPU.ActiveCfg = Debug|Any CPU
		{C07FF9DA-FC8A-462C-A7B1-E9565D40455C}.Debug|Any CPU.Build.0 = Debug|Any CPU
		{C07FF9DA-FC8A-462C-A7B1-E9565D40455C}.Release|Any CPU.ActiveCfg = Release|Any CPU
		{C07FF9DA-FC8A-462C-A7B1-E9565D40455C}.Release|Any CPU.Build.0 = Release|Any CPU
		{1AE501AA-D897-40DC-87D6-5265811E961C}.Debug|Any CPU.ActiveCfg = Debug|Any CPU
		{1AE501AA-D897-40DC-87D6-5265811E961C}.Debug|Any CPU.Build.0 = Debug|Any CPU
		{1AE501AA-D897-40DC-87D6-5265811E961C}.Release|Any CPU.ActiveCfg = Release|Any CPU
		{1AE501AA-D897-40DC-87D6-5265811E961C}.Release|Any CPU.Build.0 = Release|Any CPU
		{403DD981-9C05-46A1-B8E9-8633CEEB4F18}.Debug|Any CPU.ActiveCfg = Debug|Any CPU
		{403DD981-9C05-46A1-B8E9-8633CEEB4F18}.Debug|Any CPU.Build.0 = Debug|Any CPU
		{403DD981-9C05-46A1-B8E9-8633CEEB4F18}.Release|Any CPU.ActiveCfg = Release|Any CPU
		{403DD981-9C05-46A1-B8E9-8633CEEB4F18}.Release|Any CPU.Build.0 = Release|Any CPU
		{71782703-7D88-4A38-8C43-DB50E0405DD1}.Debug|Any CPU.ActiveCfg = Debug|Any CPU
		{71782703-7D88-4A38-8C43-DB50E0405DD1}.Debug|Any CPU.Build.0 = Debug|Any CPU
		{71782703-7D88-4A38-8C43-DB50E0405DD1}.Release|Any CPU.ActiveCfg = Release|Any CPU
		{71782703-7D88-4A38-8C43-DB50E0405DD1}.Release|Any CPU.Build.0 = Release|Any CPU
		{98C690DB-E52C-40B6-90D5-8DA9A82B9BEB}.Debug|Any CPU.ActiveCfg = Debug|Any CPU
		{98C690DB-E52C-40B6-90D5-8DA9A82B9BEB}.Debug|Any CPU.Build.0 = Debug|Any CPU
		{98C690DB-E52C-40B6-90D5-8DA9A82B9BEB}.Release|Any CPU.ActiveCfg = Release|Any CPU
		{98C690DB-E52C-40B6-90D5-8DA9A82B9BEB}.Release|Any CPU.Build.0 = Release|Any CPU
		{4731EC8C-2506-4BBB-8A07-14C65E5C18FE}.Debug|Any CPU.ActiveCfg = Debug|Any CPU
		{4731EC8C-2506-4BBB-8A07-14C65E5C18FE}.Debug|Any CPU.Build.0 = Debug|Any CPU
		{4731EC8C-2506-4BBB-8A07-14C65E5C18FE}.Release|Any CPU.ActiveCfg = Release|Any CPU
		{4731EC8C-2506-4BBB-8A07-14C65E5C18FE}.Release|Any CPU.Build.0 = Release|Any CPU
		{DDEDEA13-C88E-4AEC-A289-8AC25FB31C47}.Debug|Any CPU.ActiveCfg = Debug|Any CPU
		{DDEDEA13-C88E-4AEC-A289-8AC25FB31C47}.Debug|Any CPU.Build.0 = Debug|Any CPU
		{DDEDEA13-C88E-4AEC-A289-8AC25FB31C47}.Release|Any CPU.ActiveCfg = Release|Any CPU
		{DDEDEA13-C88E-4AEC-A289-8AC25FB31C47}.Release|Any CPU.Build.0 = Release|Any CPU
		{CE0343A0-CF81-4BA4-80CD-56EF68AB5F98}.Debug|Any CPU.ActiveCfg = Debug|Any CPU
		{CE0343A0-CF81-4BA4-80CD-56EF68AB5F98}.Debug|Any CPU.Build.0 = Debug|Any CPU
		{CE0343A0-CF81-4BA4-80CD-56EF68AB5F98}.Release|Any CPU.ActiveCfg = Release|Any CPU
		{CE0343A0-CF81-4BA4-80CD-56EF68AB5F98}.Release|Any CPU.Build.0 = Release|Any CPU
		{848184A4-DCD3-4333-84F0-3EA4EA77D4E2}.Debug|Any CPU.ActiveCfg = Debug|Any CPU
		{848184A4-DCD3-4333-84F0-3EA4EA77D4E2}.Debug|Any CPU.Build.0 = Debug|Any CPU
		{848184A4-DCD3-4333-84F0-3EA4EA77D4E2}.Release|Any CPU.ActiveCfg = Release|Any CPU
		{848184A4-DCD3-4333-84F0-3EA4EA77D4E2}.Release|Any CPU.Build.0 = Release|Any CPU
		{D8D5BE36-18D8-4F96-BEB4-B5B13B705C62}.Debug|Any CPU.ActiveCfg = Debug|Any CPU
		{D8D5BE36-18D8-4F96-BEB4-B5B13B705C62}.Debug|Any CPU.Build.0 = Debug|Any CPU
		{D8D5BE36-18D8-4F96-BEB4-B5B13B705C62}.Release|Any CPU.ActiveCfg = Release|Any CPU
		{D8D5BE36-18D8-4F96-BEB4-B5B13B705C62}.Release|Any CPU.Build.0 = Release|Any CPU
		{95DEA1DA-312E-4134-BD72-3021DC8B5802}.Debug|Any CPU.ActiveCfg = Debug|Any CPU
		{95DEA1DA-312E-4134-BD72-3021DC8B5802}.Debug|Any CPU.Build.0 = Debug|Any CPU
		{95DEA1DA-312E-4134-BD72-3021DC8B5802}.Release|Any CPU.ActiveCfg = Release|Any CPU
		{95DEA1DA-312E-4134-BD72-3021DC8B5802}.Release|Any CPU.Build.0 = Release|Any CPU
		{7233C759-E524-432F-8B3B-6CD5796A6D45}.Debug|Any CPU.ActiveCfg = Debug|Any CPU
		{7233C759-E524-432F-8B3B-6CD5796A6D45}.Debug|Any CPU.Build.0 = Debug|Any CPU
		{7233C759-E524-432F-8B3B-6CD5796A6D45}.Release|Any CPU.ActiveCfg = Release|Any CPU
		{7233C759-E524-432F-8B3B-6CD5796A6D45}.Release|Any CPU.Build.0 = Release|Any CPU
		{833A2A7B-8FF8-42C6-AA89-9823BCD2CF90}.Debug|Any CPU.ActiveCfg = Debug|Any CPU
		{833A2A7B-8FF8-42C6-AA89-9823BCD2CF90}.Debug|Any CPU.Build.0 = Debug|Any CPU
		{833A2A7B-8FF8-42C6-AA89-9823BCD2CF90}.Release|Any CPU.ActiveCfg = Release|Any CPU
		{833A2A7B-8FF8-42C6-AA89-9823BCD2CF90}.Release|Any CPU.Build.0 = Release|Any CPU
		{05D85953-9196-4E65-B659-1B02CB479D7F}.Debug|Any CPU.ActiveCfg = Debug|Any CPU
		{05D85953-9196-4E65-B659-1B02CB479D7F}.Debug|Any CPU.Build.0 = Debug|Any CPU
		{05D85953-9196-4E65-B659-1B02CB479D7F}.Release|Any CPU.ActiveCfg = Release|Any CPU
		{05D85953-9196-4E65-B659-1B02CB479D7F}.Release|Any CPU.Build.0 = Release|Any CPU
		{8E8270D1-4994-4AD1-9B37-C419806E1A42}.Debug|Any CPU.ActiveCfg = Debug|Any CPU
		{8E8270D1-4994-4AD1-9B37-C419806E1A42}.Debug|Any CPU.Build.0 = Debug|Any CPU
		{8E8270D1-4994-4AD1-9B37-C419806E1A42}.Release|Any CPU.ActiveCfg = Release|Any CPU
		{8E8270D1-4994-4AD1-9B37-C419806E1A42}.Release|Any CPU.Build.0 = Release|Any CPU
		{701A907D-B5D4-4AEE-87F2-AFA6B79714A9}.Debug|Any CPU.ActiveCfg = Debug|Any CPU
		{701A907D-B5D4-4AEE-87F2-AFA6B79714A9}.Debug|Any CPU.Build.0 = Debug|Any CPU
		{701A907D-B5D4-4AEE-87F2-AFA6B79714A9}.Release|Any CPU.ActiveCfg = Release|Any CPU
		{701A907D-B5D4-4AEE-87F2-AFA6B79714A9}.Release|Any CPU.Build.0 = Release|Any CPU
		{CFE6F413-6B97-484C-B041-B725A6944CA2}.Debug|Any CPU.ActiveCfg = Debug|Any CPU
		{CFE6F413-6B97-484C-B041-B725A6944CA2}.Debug|Any CPU.Build.0 = Debug|Any CPU
		{CFE6F413-6B97-484C-B041-B725A6944CA2}.Release|Any CPU.ActiveCfg = Release|Any CPU
		{CFE6F413-6B97-484C-B041-B725A6944CA2}.Release|Any CPU.Build.0 = Release|Any CPU
		{1467ABDD-FBF6-4A5D-9514-F68EF6CDC588}.Debug|Any CPU.ActiveCfg = Debug|Any CPU
		{1467ABDD-FBF6-4A5D-9514-F68EF6CDC588}.Debug|Any CPU.Build.0 = Debug|Any CPU
		{1467ABDD-FBF6-4A5D-9514-F68EF6CDC588}.Release|Any CPU.ActiveCfg = Release|Any CPU
		{1467ABDD-FBF6-4A5D-9514-F68EF6CDC588}.Release|Any CPU.Build.0 = Release|Any CPU
		{04C799AE-2237-4661-B428-34C48D132B8B}.Debug|Any CPU.ActiveCfg = Debug|Any CPU
		{04C799AE-2237-4661-B428-34C48D132B8B}.Debug|Any CPU.Build.0 = Debug|Any CPU
		{04C799AE-2237-4661-B428-34C48D132B8B}.Release|Any CPU.ActiveCfg = Release|Any CPU
		{04C799AE-2237-4661-B428-34C48D132B8B}.Release|Any CPU.Build.0 = Release|Any CPU
		{02F051FF-F483-4647-B076-A590306E2698}.Debug|Any CPU.ActiveCfg = Debug|Any CPU
		{02F051FF-F483-4647-B076-A590306E2698}.Debug|Any CPU.Build.0 = Debug|Any CPU
		{02F051FF-F483-4647-B076-A590306E2698}.Release|Any CPU.ActiveCfg = Release|Any CPU
		{02F051FF-F483-4647-B076-A590306E2698}.Release|Any CPU.Build.0 = Release|Any CPU
		{2D36A2C3-68DF-4E58-A190-19DA8ACA0F2C}.Debug|Any CPU.ActiveCfg = Debug|Any CPU
		{2D36A2C3-68DF-4E58-A190-19DA8ACA0F2C}.Debug|Any CPU.Build.0 = Debug|Any CPU
		{2D36A2C3-68DF-4E58-A190-19DA8ACA0F2C}.Release|Any CPU.ActiveCfg = Release|Any CPU
		{2D36A2C3-68DF-4E58-A190-19DA8ACA0F2C}.Release|Any CPU.Build.0 = Release|Any CPU
		{3BD5D16B-F2EF-4C8F-85C0-E5E9E4B74111}.Debug|Any CPU.ActiveCfg = Debug|Any CPU
		{3BD5D16B-F2EF-4C8F-85C0-E5E9E4B74111}.Debug|Any CPU.Build.0 = Debug|Any CPU
		{3BD5D16B-F2EF-4C8F-85C0-E5E9E4B74111}.Release|Any CPU.ActiveCfg = Release|Any CPU
		{3BD5D16B-F2EF-4C8F-85C0-E5E9E4B74111}.Release|Any CPU.Build.0 = Release|Any CPU
		{203CAF4E-76AA-4F79-9DE4-9082C1862F57}.Debug|Any CPU.ActiveCfg = Debug|Any CPU
		{203CAF4E-76AA-4F79-9DE4-9082C1862F57}.Debug|Any CPU.Build.0 = Debug|Any CPU
		{203CAF4E-76AA-4F79-9DE4-9082C1862F57}.Release|Any CPU.ActiveCfg = Release|Any CPU
		{203CAF4E-76AA-4F79-9DE4-9082C1862F57}.Release|Any CPU.Build.0 = Release|Any CPU
		{011B4311-41A7-4E95-BCC1-1B5237821D46}.Debug|Any CPU.ActiveCfg = Debug|Any CPU
		{011B4311-41A7-4E95-BCC1-1B5237821D46}.Debug|Any CPU.Build.0 = Debug|Any CPU
		{011B4311-41A7-4E95-BCC1-1B5237821D46}.Release|Any CPU.ActiveCfg = Release|Any CPU
		{011B4311-41A7-4E95-BCC1-1B5237821D46}.Release|Any CPU.Build.0 = Release|Any CPU
		{201C4276-2B42-4821-B0F5-D5237C341D73}.Debug|Any CPU.ActiveCfg = Debug|Any CPU
		{201C4276-2B42-4821-B0F5-D5237C341D73}.Debug|Any CPU.Build.0 = Debug|Any CPU
		{201C4276-2B42-4821-B0F5-D5237C341D73}.Release|Any CPU.ActiveCfg = Release|Any CPU
		{201C4276-2B42-4821-B0F5-D5237C341D73}.Release|Any CPU.Build.0 = Release|Any CPU
		{CDF8A2D5-8654-4104-8A5B-FA513FA1EBA0}.Debug|Any CPU.ActiveCfg = Debug|Any CPU
		{CDF8A2D5-8654-4104-8A5B-FA513FA1EBA0}.Debug|Any CPU.Build.0 = Debug|Any CPU
		{CDF8A2D5-8654-4104-8A5B-FA513FA1EBA0}.Release|Any CPU.ActiveCfg = Release|Any CPU
		{CDF8A2D5-8654-4104-8A5B-FA513FA1EBA0}.Release|Any CPU.Build.0 = Release|Any CPU
		{6D104283-2D01-446C-A894-F51AD6749112}.Debug|Any CPU.ActiveCfg = Debug|Any CPU
		{6D104283-2D01-446C-A894-F51AD6749112}.Debug|Any CPU.Build.0 = Debug|Any CPU
		{6D104283-2D01-446C-A894-F51AD6749112}.Release|Any CPU.ActiveCfg = Release|Any CPU
		{6D104283-2D01-446C-A894-F51AD6749112}.Release|Any CPU.Build.0 = Release|Any CPU
		{6B713931-9E1D-4E89-B007-A16E40A3D912}.Debug|Any CPU.ActiveCfg = Debug|Any CPU
		{6B713931-9E1D-4E89-B007-A16E40A3D912}.Debug|Any CPU.Build.0 = Debug|Any CPU
		{6B713931-9E1D-4E89-B007-A16E40A3D912}.Release|Any CPU.ActiveCfg = Release|Any CPU
		{6B713931-9E1D-4E89-B007-A16E40A3D912}.Release|Any CPU.Build.0 = Release|Any CPU
		{E1847A36-E858-47A9-97A5-E9E4D9E2108F}.Debug|Any CPU.ActiveCfg = Debug|Any CPU
		{E1847A36-E858-47A9-97A5-E9E4D9E2108F}.Debug|Any CPU.Build.0 = Debug|Any CPU
		{E1847A36-E858-47A9-97A5-E9E4D9E2108F}.Release|Any CPU.ActiveCfg = Release|Any CPU
		{E1847A36-E858-47A9-97A5-E9E4D9E2108F}.Release|Any CPU.Build.0 = Release|Any CPU
		{B853EF3C-F811-422E-A27B-95CE8694E47D}.Debug|Any CPU.ActiveCfg = Debug|Any CPU
		{B853EF3C-F811-422E-A27B-95CE8694E47D}.Debug|Any CPU.Build.0 = Debug|Any CPU
		{B853EF3C-F811-422E-A27B-95CE8694E47D}.Release|Any CPU.ActiveCfg = Release|Any CPU
		{B853EF3C-F811-422E-A27B-95CE8694E47D}.Release|Any CPU.Build.0 = Release|Any CPU
		{1BA1F8F3-4428-46D5-8E40-02A8CD7C6527}.Debug|Any CPU.ActiveCfg = Debug|Any CPU
		{1BA1F8F3-4428-46D5-8E40-02A8CD7C6527}.Debug|Any CPU.Build.0 = Debug|Any CPU
		{1BA1F8F3-4428-46D5-8E40-02A8CD7C6527}.Release|Any CPU.ActiveCfg = Release|Any CPU
		{1BA1F8F3-4428-46D5-8E40-02A8CD7C6527}.Release|Any CPU.Build.0 = Release|Any CPU
		{FF033DD5-72CC-4C96-ADBA-4E8DC89CBDD0}.Debug|Any CPU.ActiveCfg = Debug|Any CPU
		{FF033DD5-72CC-4C96-ADBA-4E8DC89CBDD0}.Debug|Any CPU.Build.0 = Debug|Any CPU
		{FF033DD5-72CC-4C96-ADBA-4E8DC89CBDD0}.Release|Any CPU.ActiveCfg = Release|Any CPU
		{FF033DD5-72CC-4C96-ADBA-4E8DC89CBDD0}.Release|Any CPU.Build.0 = Release|Any CPU
		{062C8A30-010F-488D-B6D5-31604366582A}.Debug|Any CPU.ActiveCfg = Debug|Any CPU
		{062C8A30-010F-488D-B6D5-31604366582A}.Debug|Any CPU.Build.0 = Debug|Any CPU
		{062C8A30-010F-488D-B6D5-31604366582A}.Release|Any CPU.ActiveCfg = Release|Any CPU
		{062C8A30-010F-488D-B6D5-31604366582A}.Release|Any CPU.Build.0 = Release|Any CPU
		{CD7F51C2-F427-4A9E-B91A-EA1B1BA0907E}.Debug|Any CPU.ActiveCfg = Debug|Any CPU
		{CD7F51C2-F427-4A9E-B91A-EA1B1BA0907E}.Debug|Any CPU.Build.0 = Debug|Any CPU
		{CD7F51C2-F427-4A9E-B91A-EA1B1BA0907E}.Release|Any CPU.ActiveCfg = Release|Any CPU
		{CD7F51C2-F427-4A9E-B91A-EA1B1BA0907E}.Release|Any CPU.Build.0 = Release|Any CPU
		{2F20E1C5-5BC4-4F21-88C5-4515DAC6469B}.Debug|Any CPU.ActiveCfg = Debug|Any CPU
		{2F20E1C5-5BC4-4F21-88C5-4515DAC6469B}.Debug|Any CPU.Build.0 = Debug|Any CPU
		{2F20E1C5-5BC4-4F21-88C5-4515DAC6469B}.Release|Any CPU.ActiveCfg = Release|Any CPU
		{2F20E1C5-5BC4-4F21-88C5-4515DAC6469B}.Release|Any CPU.Build.0 = Release|Any CPU
		{C0B0792C-78F7-4D89-AA70-CD83F2431A27}.Debug|Any CPU.ActiveCfg = Debug|Any CPU
		{C0B0792C-78F7-4D89-AA70-CD83F2431A27}.Debug|Any CPU.Build.0 = Debug|Any CPU
		{C0B0792C-78F7-4D89-AA70-CD83F2431A27}.Release|Any CPU.ActiveCfg = Release|Any CPU
		{C0B0792C-78F7-4D89-AA70-CD83F2431A27}.Release|Any CPU.Build.0 = Release|Any CPU
		{23AB971A-9001-4A99-B1B2-E2066498A4EA}.Debug|Any CPU.ActiveCfg = Debug|Any CPU
		{23AB971A-9001-4A99-B1B2-E2066498A4EA}.Debug|Any CPU.Build.0 = Debug|Any CPU
		{23AB971A-9001-4A99-B1B2-E2066498A4EA}.Release|Any CPU.ActiveCfg = Release|Any CPU
		{23AB971A-9001-4A99-B1B2-E2066498A4EA}.Release|Any CPU.Build.0 = Release|Any CPU
		{FB62FFAA-C019-47D4-AD49-1014B6EB14D4}.Debug|Any CPU.ActiveCfg = Debug|Any CPU
		{FB62FFAA-C019-47D4-AD49-1014B6EB14D4}.Debug|Any CPU.Build.0 = Debug|Any CPU
		{FB62FFAA-C019-47D4-AD49-1014B6EB14D4}.Release|Any CPU.ActiveCfg = Release|Any CPU
		{FB62FFAA-C019-47D4-AD49-1014B6EB14D4}.Release|Any CPU.Build.0 = Release|Any CPU
		{66C34E2A-5175-460B-9C5D-B9F9A15972CA}.Debug|Any CPU.ActiveCfg = Debug|Any CPU
		{66C34E2A-5175-460B-9C5D-B9F9A15972CA}.Debug|Any CPU.Build.0 = Debug|Any CPU
		{66C34E2A-5175-460B-9C5D-B9F9A15972CA}.Release|Any CPU.ActiveCfg = Release|Any CPU
		{66C34E2A-5175-460B-9C5D-B9F9A15972CA}.Release|Any CPU.Build.0 = Release|Any CPU
		{FBD33CB7-41B3-4642-ABDB-9F8A7DD40EE2}.Debug|Any CPU.ActiveCfg = Debug|Any CPU
		{FBD33CB7-41B3-4642-ABDB-9F8A7DD40EE2}.Debug|Any CPU.Build.0 = Debug|Any CPU
		{FBD33CB7-41B3-4642-ABDB-9F8A7DD40EE2}.Release|Any CPU.ActiveCfg = Release|Any CPU
		{FBD33CB7-41B3-4642-ABDB-9F8A7DD40EE2}.Release|Any CPU.Build.0 = Release|Any CPU
		{263998BD-C213-4CD1-867D-E007BC1540A8}.Debug|Any CPU.ActiveCfg = Debug|Any CPU
		{263998BD-C213-4CD1-867D-E007BC1540A8}.Debug|Any CPU.Build.0 = Debug|Any CPU
		{263998BD-C213-4CD1-867D-E007BC1540A8}.Release|Any CPU.ActiveCfg = Release|Any CPU
		{263998BD-C213-4CD1-867D-E007BC1540A8}.Release|Any CPU.Build.0 = Release|Any CPU
		{7C1E9DEA-0CE6-4742-9AEC-BA74353D775F}.Debug|Any CPU.ActiveCfg = Debug|Any CPU
		{7C1E9DEA-0CE6-4742-9AEC-BA74353D775F}.Debug|Any CPU.Build.0 = Debug|Any CPU
		{7C1E9DEA-0CE6-4742-9AEC-BA74353D775F}.Release|Any CPU.ActiveCfg = Release|Any CPU
		{7C1E9DEA-0CE6-4742-9AEC-BA74353D775F}.Release|Any CPU.Build.0 = Release|Any CPU
		{52E6F700-B889-4604-92E7-403B40187CD0}.Debug|Any CPU.ActiveCfg = Debug|Any CPU
		{52E6F700-B889-4604-92E7-403B40187CD0}.Debug|Any CPU.Build.0 = Debug|Any CPU
		{52E6F700-B889-4604-92E7-403B40187CD0}.Release|Any CPU.ActiveCfg = Release|Any CPU
		{52E6F700-B889-4604-92E7-403B40187CD0}.Release|Any CPU.Build.0 = Release|Any CPU
		{335B7369-63B0-4618-8A04-9A073D547D23}.Debug|Any CPU.ActiveCfg = Debug|Any CPU
		{335B7369-63B0-4618-8A04-9A073D547D23}.Debug|Any CPU.Build.0 = Debug|Any CPU
		{335B7369-63B0-4618-8A04-9A073D547D23}.Release|Any CPU.ActiveCfg = Release|Any CPU
		{335B7369-63B0-4618-8A04-9A073D547D23}.Release|Any CPU.Build.0 = Release|Any CPU
		{37F9352A-A095-4D5B-8E0B-A78D65EAFE61}.Debug|Any CPU.ActiveCfg = Debug|Any CPU
		{37F9352A-A095-4D5B-8E0B-A78D65EAFE61}.Debug|Any CPU.Build.0 = Debug|Any CPU
		{37F9352A-A095-4D5B-8E0B-A78D65EAFE61}.Release|Any CPU.ActiveCfg = Release|Any CPU
		{37F9352A-A095-4D5B-8E0B-A78D65EAFE61}.Release|Any CPU.Build.0 = Release|Any CPU
		{51994186-0E08-4F32-BA46-67063E011D3D}.Debug|Any CPU.ActiveCfg = Debug|Any CPU
		{51994186-0E08-4F32-BA46-67063E011D3D}.Debug|Any CPU.Build.0 = Debug|Any CPU
		{51994186-0E08-4F32-BA46-67063E011D3D}.Release|Any CPU.ActiveCfg = Release|Any CPU
		{51994186-0E08-4F32-BA46-67063E011D3D}.Release|Any CPU.Build.0 = Release|Any CPU
		{45152A5F-0996-4BBA-92DB-3A9669DC10DD}.Debug|Any CPU.ActiveCfg = Debug|Any CPU
		{45152A5F-0996-4BBA-92DB-3A9669DC10DD}.Debug|Any CPU.Build.0 = Debug|Any CPU
		{45152A5F-0996-4BBA-92DB-3A9669DC10DD}.Release|Any CPU.ActiveCfg = Release|Any CPU
		{45152A5F-0996-4BBA-92DB-3A9669DC10DD}.Release|Any CPU.Build.0 = Release|Any CPU
		{4DDB7002-56FF-42BD-80BD-E393A35CE7D0}.Debug|Any CPU.ActiveCfg = Debug|Any CPU
		{4DDB7002-56FF-42BD-80BD-E393A35CE7D0}.Debug|Any CPU.Build.0 = Debug|Any CPU
		{4DDB7002-56FF-42BD-80BD-E393A35CE7D0}.Release|Any CPU.ActiveCfg = Release|Any CPU
		{4DDB7002-56FF-42BD-80BD-E393A35CE7D0}.Release|Any CPU.Build.0 = Release|Any CPU
		{46835D91-F2A8-46DD-AD41-F0F900A80982}.Debug|Any CPU.ActiveCfg = Debug|Any CPU
		{46835D91-F2A8-46DD-AD41-F0F900A80982}.Debug|Any CPU.Build.0 = Debug|Any CPU
		{46835D91-F2A8-46DD-AD41-F0F900A80982}.Release|Any CPU.ActiveCfg = Release|Any CPU
		{46835D91-F2A8-46DD-AD41-F0F900A80982}.Release|Any CPU.Build.0 = Release|Any CPU
		{8C14E826-CBAC-4F1A-BD35-4FCBA4B5830C}.Debug|Any CPU.ActiveCfg = Debug|Any CPU
		{8C14E826-CBAC-4F1A-BD35-4FCBA4B5830C}.Debug|Any CPU.Build.0 = Debug|Any CPU
		{8C14E826-CBAC-4F1A-BD35-4FCBA4B5830C}.Release|Any CPU.ActiveCfg = Release|Any CPU
		{8C14E826-CBAC-4F1A-BD35-4FCBA4B5830C}.Release|Any CPU.Build.0 = Release|Any CPU
		{C6D33684-EAF9-480E-9EA5-5FBFF567E203}.Debug|Any CPU.ActiveCfg = Debug|Any CPU
		{C6D33684-EAF9-480E-9EA5-5FBFF567E203}.Debug|Any CPU.Build.0 = Debug|Any CPU
		{C6D33684-EAF9-480E-9EA5-5FBFF567E203}.Release|Any CPU.ActiveCfg = Release|Any CPU
		{C6D33684-EAF9-480E-9EA5-5FBFF567E203}.Release|Any CPU.Build.0 = Release|Any CPU
		{AEBC330F-FF14-4224-8249-CE0B9CA0AE27}.Debug|Any CPU.ActiveCfg = Debug|Any CPU
		{AEBC330F-FF14-4224-8249-CE0B9CA0AE27}.Debug|Any CPU.Build.0 = Debug|Any CPU
		{AEBC330F-FF14-4224-8249-CE0B9CA0AE27}.Release|Any CPU.ActiveCfg = Release|Any CPU
		{AEBC330F-FF14-4224-8249-CE0B9CA0AE27}.Release|Any CPU.Build.0 = Release|Any CPU
		{BA6EB37A-7635-4F8A-B5AF-AB68D99B9A3D}.Debug|Any CPU.ActiveCfg = Debug|Any CPU
		{BA6EB37A-7635-4F8A-B5AF-AB68D99B9A3D}.Debug|Any CPU.Build.0 = Debug|Any CPU
		{BA6EB37A-7635-4F8A-B5AF-AB68D99B9A3D}.Release|Any CPU.ActiveCfg = Release|Any CPU
		{BA6EB37A-7635-4F8A-B5AF-AB68D99B9A3D}.Release|Any CPU.Build.0 = Release|Any CPU
		{14A39A47-E9BF-4AD8-AA16-EB9130CFB550}.Debug|Any CPU.ActiveCfg = Debug|Any CPU
		{14A39A47-E9BF-4AD8-AA16-EB9130CFB550}.Debug|Any CPU.Build.0 = Debug|Any CPU
		{14A39A47-E9BF-4AD8-AA16-EB9130CFB550}.Release|Any CPU.ActiveCfg = Release|Any CPU
		{14A39A47-E9BF-4AD8-AA16-EB9130CFB550}.Release|Any CPU.Build.0 = Release|Any CPU
		{95CDADBA-9AA3-4ACC-A589-AB1E7FEA13B8}.Debug|Any CPU.ActiveCfg = Debug|Any CPU
		{95CDADBA-9AA3-4ACC-A589-AB1E7FEA13B8}.Debug|Any CPU.Build.0 = Debug|Any CPU
		{95CDADBA-9AA3-4ACC-A589-AB1E7FEA13B8}.Release|Any CPU.ActiveCfg = Release|Any CPU
		{95CDADBA-9AA3-4ACC-A589-AB1E7FEA13B8}.Release|Any CPU.Build.0 = Release|Any CPU
		{D4780743-C241-4B41-9EED-CA4AAE87E7EF}.Debug|Any CPU.ActiveCfg = Debug|Any CPU
		{D4780743-C241-4B41-9EED-CA4AAE87E7EF}.Debug|Any CPU.Build.0 = Debug|Any CPU
		{D4780743-C241-4B41-9EED-CA4AAE87E7EF}.Release|Any CPU.ActiveCfg = Release|Any CPU
		{D4780743-C241-4B41-9EED-CA4AAE87E7EF}.Release|Any CPU.Build.0 = Release|Any CPU
		{00F101CE-F3AA-4C0D-940E-15B5EA722749}.Debug|Any CPU.ActiveCfg = Debug|Any CPU
		{00F101CE-F3AA-4C0D-940E-15B5EA722749}.Debug|Any CPU.Build.0 = Debug|Any CPU
		{00F101CE-F3AA-4C0D-940E-15B5EA722749}.Release|Any CPU.ActiveCfg = Release|Any CPU
		{00F101CE-F3AA-4C0D-940E-15B5EA722749}.Release|Any CPU.Build.0 = Release|Any CPU
		{0F2556DE-7012-4491-ADBD-17F95329D52E}.Debug|Any CPU.ActiveCfg = Debug|Any CPU
		{0F2556DE-7012-4491-ADBD-17F95329D52E}.Debug|Any CPU.Build.0 = Debug|Any CPU
		{0F2556DE-7012-4491-ADBD-17F95329D52E}.Release|Any CPU.ActiveCfg = Release|Any CPU
		{0F2556DE-7012-4491-ADBD-17F95329D52E}.Release|Any CPU.Build.0 = Release|Any CPU
		{5CAC516F-7CAC-402E-AF15-E9E02F87896E}.Debug|Any CPU.ActiveCfg = Debug|Any CPU
		{5CAC516F-7CAC-402E-AF15-E9E02F87896E}.Debug|Any CPU.Build.0 = Debug|Any CPU
		{5CAC516F-7CAC-402E-AF15-E9E02F87896E}.Release|Any CPU.ActiveCfg = Release|Any CPU
		{5CAC516F-7CAC-402E-AF15-E9E02F87896E}.Release|Any CPU.Build.0 = Release|Any CPU
		{253DAB57-F5B8-4330-94D1-2E8961B50B82}.Debug|Any CPU.ActiveCfg = Debug|Any CPU
		{253DAB57-F5B8-4330-94D1-2E8961B50B82}.Debug|Any CPU.Build.0 = Debug|Any CPU
		{253DAB57-F5B8-4330-94D1-2E8961B50B82}.Release|Any CPU.ActiveCfg = Release|Any CPU
		{253DAB57-F5B8-4330-94D1-2E8961B50B82}.Release|Any CPU.Build.0 = Release|Any CPU
		{263918C7-1081-4076-9F3B-E9686F1AC6EA}.Debug|Any CPU.ActiveCfg = Debug|Any CPU
		{263918C7-1081-4076-9F3B-E9686F1AC6EA}.Debug|Any CPU.Build.0 = Debug|Any CPU
		{263918C7-1081-4076-9F3B-E9686F1AC6EA}.Release|Any CPU.ActiveCfg = Release|Any CPU
		{263918C7-1081-4076-9F3B-E9686F1AC6EA}.Release|Any CPU.Build.0 = Release|Any CPU
		{907BF634-0AD8-4557-98C2-82C3D357C7E9}.Debug|Any CPU.ActiveCfg = Debug|Any CPU
		{907BF634-0AD8-4557-98C2-82C3D357C7E9}.Debug|Any CPU.Build.0 = Debug|Any CPU
		{907BF634-0AD8-4557-98C2-82C3D357C7E9}.Release|Any CPU.ActiveCfg = Release|Any CPU
		{907BF634-0AD8-4557-98C2-82C3D357C7E9}.Release|Any CPU.Build.0 = Release|Any CPU
		{767E6B68-6C1B-489E-A529-F077131E6005}.Debug|Any CPU.ActiveCfg = Debug|Any CPU
		{767E6B68-6C1B-489E-A529-F077131E6005}.Debug|Any CPU.Build.0 = Debug|Any CPU
		{767E6B68-6C1B-489E-A529-F077131E6005}.Release|Any CPU.ActiveCfg = Release|Any CPU
		{767E6B68-6C1B-489E-A529-F077131E6005}.Release|Any CPU.Build.0 = Release|Any CPU
		{C250851E-A5AC-4CD1-8D72-2F6E553CE1C8}.Debug|Any CPU.ActiveCfg = Debug|Any CPU
		{C250851E-A5AC-4CD1-8D72-2F6E553CE1C8}.Debug|Any CPU.Build.0 = Debug|Any CPU
		{C250851E-A5AC-4CD1-8D72-2F6E553CE1C8}.Release|Any CPU.ActiveCfg = Release|Any CPU
		{C250851E-A5AC-4CD1-8D72-2F6E553CE1C8}.Release|Any CPU.Build.0 = Release|Any CPU
		{3C157A96-29D3-48F4-8422-CEE9DACE11DD}.Debug|Any CPU.ActiveCfg = Debug|Any CPU
		{3C157A96-29D3-48F4-8422-CEE9DACE11DD}.Debug|Any CPU.Build.0 = Debug|Any CPU
		{3C157A96-29D3-48F4-8422-CEE9DACE11DD}.Release|Any CPU.ActiveCfg = Release|Any CPU
		{3C157A96-29D3-48F4-8422-CEE9DACE11DD}.Release|Any CPU.Build.0 = Release|Any CPU
	EndGlobalSection
	GlobalSection(SolutionProperties) = preSolution
		HideSolutionNode = FALSE
	EndGlobalSection
	GlobalSection(NestedProjects) = preSolution
		{02DA5B95-AEF6-43EA-9011-8E9D139F7717} = {6D989255-9BE3-48EA-8D73-83B9B87B631A}
		{A9D26559-9054-46E6-AB18-FB261DEF596C} = {02DA5B95-AEF6-43EA-9011-8E9D139F7717}
		{F74AF1EF-71AD-457E-A929-43357516B3C0} = {6D989255-9BE3-48EA-8D73-83B9B87B631A}
		{3236773B-85D3-4FCC-B146-F127B9FF4856} = {F74AF1EF-71AD-457E-A929-43357516B3C0}
		{1770BC95-1052-453B-AFA7-782E276912A5} = {F74AF1EF-71AD-457E-A929-43357516B3C0}
		{5CB62492-BF04-40EF-8D6C-EC2126B40679} = {E6BBB2E8-4773-489B-B697-1849A25CA6B7}
		{7B206C8D-CC2F-4883-8A7E-74C35255E228} = {6D989255-9BE3-48EA-8D73-83B9B87B631A}
		{264AC61E-6623-4AD0-9705-D1371DD66ABA} = {7B206C8D-CC2F-4883-8A7E-74C35255E228}
		{8C7AE413-B6BA-4459-B6F9-BDA75E49FADE} = {7B206C8D-CC2F-4883-8A7E-74C35255E228}
		{E6BBB2E8-4773-489B-B697-1849A25CA6B7} = {6D989255-9BE3-48EA-8D73-83B9B87B631A}
		{30CF816E-6364-498C-AA0D-39AB4BCE5323} = {6D989255-9BE3-48EA-8D73-83B9B87B631A}
		{8B9FF917-6670-4D0A-BF32-757DEEFE009D} = {30CF816E-6364-498C-AA0D-39AB4BCE5323}
		{5B447A62-3D8B-41AF-96B4-B01AEEFBB815} = {11C5BC1C-0FBC-43A6-BF38-0EC500B48E28}
		{E82233D0-3909-4195-A3D5-E41F61C0DBF1} = {5B447A62-3D8B-41AF-96B4-B01AEEFBB815}
		{378A651A-5376-42D1-9CF2-FC1F3AA2876B} = {5B447A62-3D8B-41AF-96B4-B01AEEFBB815}
		{0DF80F22-A6B1-4C06-B6D7-E7FC81912407} = {5B447A62-3D8B-41AF-96B4-B01AEEFBB815}
		{8B58F267-026B-4898-ADE2-2A305195D5BD} = {5B447A62-3D8B-41AF-96B4-B01AEEFBB815}
		{F9CCBB0D-D2A8-44B8-BBA4-DCE9BC3F8D4A} = {5B447A62-3D8B-41AF-96B4-B01AEEFBB815}
		{0ED96CD5-7161-4FE2-811D-213E5720C8E8} = {11C5BC1C-0FBC-43A6-BF38-0EC500B48E28}
		{B24967D5-037A-4EF6-950A-4805933F050C} = {0ED96CD5-7161-4FE2-811D-213E5720C8E8}
		{BD075CEE-72E3-46DD-970D-008FD1B3FBD6} = {0ED96CD5-7161-4FE2-811D-213E5720C8E8}
		{07EC321A-80D1-48D2-B9B6-40B5620FCE12} = {0ED96CD5-7161-4FE2-811D-213E5720C8E8}
		{67C811EB-87AE-4038-9409-3851B673D2C8} = {11C5BC1C-0FBC-43A6-BF38-0EC500B48E28}
		{2F0DF657-5E55-47AA-8438-4D9C658A2F2C} = {67C811EB-87AE-4038-9409-3851B673D2C8}
		{6C0654AA-88C6-4DED-9828-6D24BD2A2432} = {67C811EB-87AE-4038-9409-3851B673D2C8}
		{2A5E269C-73D9-4BC7-8238-75CE1135D1A3} = {67C811EB-87AE-4038-9409-3851B673D2C8}
		{B02ACDD1-47B2-4719-A171-A4D32BA4FCA9} = {11C5BC1C-0FBC-43A6-BF38-0EC500B48E28}
		{C67E9067-45E4-47FA-864E-38333F007049} = {B02ACDD1-47B2-4719-A171-A4D32BA4FCA9}
		{73E2915A-7F72-4B2E-AF76-74F422D8EC69} = {B02ACDD1-47B2-4719-A171-A4D32BA4FCA9}
		{61AAE9DB-2E1A-407F-81E5-7EC27DD5E044} = {11C5BC1C-0FBC-43A6-BF38-0EC500B48E28}
		{F9FAE254-1FF7-4616-981A-7C4A90A3467E} = {61AAE9DB-2E1A-407F-81E5-7EC27DD5E044}
		{3AEC0CDF-936D-44FE-91B7-A7AFE05923CF} = {61AAE9DB-2E1A-407F-81E5-7EC27DD5E044}
		{A7B36C16-635B-4AA7-8397-206BF6AD969B} = {11C5BC1C-0FBC-43A6-BF38-0EC500B48E28}
		{5D247A09-29D8-4B2E-AEE0-CC2E15F4DA85} = {A7B36C16-635B-4AA7-8397-206BF6AD969B}
		{395E9102-1C3A-4E50-99B4-CE2A95ECC2E2} = {A7B36C16-635B-4AA7-8397-206BF6AD969B}
		{DE821285-6395-4B48-9A58-535405627F53} = {A7B36C16-635B-4AA7-8397-206BF6AD969B}
		{1B89E9D8-9245-4A79-AC23-306707F6B05F} = {11C5BC1C-0FBC-43A6-BF38-0EC500B48E28}
		{44F6D02C-E492-46FC-91AF-055C762F4F9C} = {1B89E9D8-9245-4A79-AC23-306707F6B05F}
		{85B08DF0-ABD3-4608-8B59-F1108A0B64E4} = {1B89E9D8-9245-4A79-AC23-306707F6B05F}
		{620F8423-6E56-40C4-86C8-FB2FD885A979} = {1B89E9D8-9245-4A79-AC23-306707F6B05F}
		{B359FAC4-8E55-48AA-B9EB-43C21A24D296} = {1B89E9D8-9245-4A79-AC23-306707F6B05F}
		{AF4B14BF-078F-4A80-B166-3163452F272E} = {1B89E9D8-9245-4A79-AC23-306707F6B05F}
		{22896949-AEE2-45D0-9639-97104B3719C1} = {1B89E9D8-9245-4A79-AC23-306707F6B05F}
		{EE40B69F-6D7F-4702-BAA6-7B5A3D0EA19E} = {DC5F0C6E-63B6-4A49-B826-FA60D9FCD67C}
		{E89C6AB6-E60F-4F2E-BFEF-AB768E8D1138} = {EE40B69F-6D7F-4702-BAA6-7B5A3D0EA19E}
		{6B57B81F-8E80-4921-9109-3964AC7938DF} = {EE40B69F-6D7F-4702-BAA6-7B5A3D0EA19E}
		{CB3A0FC8-3AC9-48E4-8AC2-08B663EB96B4} = {EE40B69F-6D7F-4702-BAA6-7B5A3D0EA19E}
		{D7E4B63D-6E8C-44BB-823F-747BEED5B15A} = {DC5F0C6E-63B6-4A49-B826-FA60D9FCD67C}
		{5CCED48F-182D-4656-9E7D-C9164AE42808} = {D7E4B63D-6E8C-44BB-823F-747BEED5B15A}
		{C7CECECC-2B03-40B7-A469-104B85645F48} = {D7E4B63D-6E8C-44BB-823F-747BEED5B15A}
		{BCDB5B6A-A551-4A80-BBB4-C357BBF520A0} = {D7E4B63D-6E8C-44BB-823F-747BEED5B15A}
		{3F0E5EE5-FB27-4C79-9E4D-C7479D5BA8F2} = {DC5F0C6E-63B6-4A49-B826-FA60D9FCD67C}
		{117131B3-76A4-4F39-ACB4-C1639A3FAD04} = {3F0E5EE5-FB27-4C79-9E4D-C7479D5BA8F2}
		{F8CF19FE-EF65-4717-B099-6481489FB79C} = {DC5F0C6E-63B6-4A49-B826-FA60D9FCD67C}
		{EF0BE807-B55E-4264-9F5F-EB2CC2FB2441} = {F8CF19FE-EF65-4717-B099-6481489FB79C}
		{4A0C853E-93EB-407C-86A5-FBEA01BFC588} = {F8CF19FE-EF65-4717-B099-6481489FB79C}
		{96D6E8BA-6478-4408-8677-3A3948901EAD} = {F8CF19FE-EF65-4717-B099-6481489FB79C}
		{37D93528-AD00-49BD-9D05-588FF84ADC8A} = {DC5F0C6E-63B6-4A49-B826-FA60D9FCD67C}
		{E7ACF6AF-71A0-4C23-A9F6-40A7B13A9C29} = {37D93528-AD00-49BD-9D05-588FF84ADC8A}
		{02C0A181-8D2A-4D3C-80E6-33352BBCFD5B} = {37D93528-AD00-49BD-9D05-588FF84ADC8A}
		{D6106686-A1D4-49EF-A622-555FA5A728EC} = {DC5F0C6E-63B6-4A49-B826-FA60D9FCD67C}
		{4C58DB0A-050E-43A3-9DB6-2E25A254256D} = {D6106686-A1D4-49EF-A622-555FA5A728EC}
		{29DF88B2-763E-4C12-971A-0E958A4FB830} = {D6106686-A1D4-49EF-A622-555FA5A728EC}
		{BB85B98A-ABD1-4764-9460-AE0A99B9C4CF} = {D6106686-A1D4-49EF-A622-555FA5A728EC}
		{0AAA7DE0-6F2E-4230-B26C-6B6178FF4372} = {DC5F0C6E-63B6-4A49-B826-FA60D9FCD67C}
		{4FB57308-3E3F-4CEE-9B7D-ED95B5132681} = {0AAA7DE0-6F2E-4230-B26C-6B6178FF4372}
		{C07FF9DA-FC8A-462C-A7B1-E9565D40455C} = {0AAA7DE0-6F2E-4230-B26C-6B6178FF4372}
		{1AE501AA-D897-40DC-87D6-5265811E961C} = {0AAA7DE0-6F2E-4230-B26C-6B6178FF4372}
		{403DD981-9C05-46A1-B8E9-8633CEEB4F18} = {0AAA7DE0-6F2E-4230-B26C-6B6178FF4372}
		{C886713D-B02F-465E-8725-11B5EA24C49F} = {DC5F0C6E-63B6-4A49-B826-FA60D9FCD67C}
		{71782703-7D88-4A38-8C43-DB50E0405DD1} = {C886713D-B02F-465E-8725-11B5EA24C49F}
		{98C690DB-E52C-40B6-90D5-8DA9A82B9BEB} = {C886713D-B02F-465E-8725-11B5EA24C49F}
		{72C02E71-606E-49E7-BFAD-1BC076EC679B} = {DC5F0C6E-63B6-4A49-B826-FA60D9FCD67C}
		{4731EC8C-2506-4BBB-8A07-14C65E5C18FE} = {72C02E71-606E-49E7-BFAD-1BC076EC679B}
		{DDEDEA13-C88E-4AEC-A289-8AC25FB31C47} = {72C02E71-606E-49E7-BFAD-1BC076EC679B}
		{43D99DA6-DF04-4CE6-9016-1280EC31A1F2} = {DC5F0C6E-63B6-4A49-B826-FA60D9FCD67C}
		{CE0343A0-CF81-4BA4-80CD-56EF68AB5F98} = {43D99DA6-DF04-4CE6-9016-1280EC31A1F2}
		{848184A4-DCD3-4333-84F0-3EA4EA77D4E2} = {43D99DA6-DF04-4CE6-9016-1280EC31A1F2}
		{D8D5BE36-18D8-4F96-BEB4-B5B13B705C62} = {F74AF1EF-71AD-457E-A929-43357516B3C0}
		{95DEA1DA-312E-4134-BD72-3021DC8B5802} = {F74AF1EF-71AD-457E-A929-43357516B3C0}
		{7233C759-E524-432F-8B3B-6CD5796A6D45} = {F74AF1EF-71AD-457E-A929-43357516B3C0}
		{833A2A7B-8FF8-42C6-AA89-9823BCD2CF90} = {F74AF1EF-71AD-457E-A929-43357516B3C0}
		{05D85953-9196-4E65-B659-1B02CB479D7F} = {E6BBB2E8-4773-489B-B697-1849A25CA6B7}
		{8E8270D1-4994-4AD1-9B37-C419806E1A42} = {E6BBB2E8-4773-489B-B697-1849A25CA6B7}
		{701A907D-B5D4-4AEE-87F2-AFA6B79714A9} = {E6BBB2E8-4773-489B-B697-1849A25CA6B7}
		{CFE6F413-6B97-484C-B041-B725A6944CA2} = {E6BBB2E8-4773-489B-B697-1849A25CA6B7}
		{1467ABDD-FBF6-4A5D-9514-F68EF6CDC588} = {E6BBB2E8-4773-489B-B697-1849A25CA6B7}
		{04C799AE-2237-4661-B428-34C48D132B8B} = {7B206C8D-CC2F-4883-8A7E-74C35255E228}
		{02F051FF-F483-4647-B076-A590306E2698} = {7B206C8D-CC2F-4883-8A7E-74C35255E228}
		{2D36A2C3-68DF-4E58-A190-19DA8ACA0F2C} = {7B206C8D-CC2F-4883-8A7E-74C35255E228}
		{3BD5D16B-F2EF-4C8F-85C0-E5E9E4B74111} = {7B206C8D-CC2F-4883-8A7E-74C35255E228}
		{203CAF4E-76AA-4F79-9DE4-9082C1862F57} = {7B206C8D-CC2F-4883-8A7E-74C35255E228}
		{011B4311-41A7-4E95-BCC1-1B5237821D46} = {7B206C8D-CC2F-4883-8A7E-74C35255E228}
		{201C4276-2B42-4821-B0F5-D5237C341D73} = {30CF816E-6364-498C-AA0D-39AB4BCE5323}
		{CDF8A2D5-8654-4104-8A5B-FA513FA1EBA0} = {30CF816E-6364-498C-AA0D-39AB4BCE5323}
		{6D104283-2D01-446C-A894-F51AD6749112} = {30CF816E-6364-498C-AA0D-39AB4BCE5323}
		{6B713931-9E1D-4E89-B007-A16E40A3D912} = {30CF816E-6364-498C-AA0D-39AB4BCE5323}
		{E1847A36-E858-47A9-97A5-E9E4D9E2108F} = {30CF816E-6364-498C-AA0D-39AB4BCE5323}
		{B853EF3C-F811-422E-A27B-95CE8694E47D} = {02DA5B95-AEF6-43EA-9011-8E9D139F7717}
		{1BA1F8F3-4428-46D5-8E40-02A8CD7C6527} = {02DA5B95-AEF6-43EA-9011-8E9D139F7717}
		{FF033DD5-72CC-4C96-ADBA-4E8DC89CBDD0} = {02DA5B95-AEF6-43EA-9011-8E9D139F7717}
		{062C8A30-010F-488D-B6D5-31604366582A} = {02DA5B95-AEF6-43EA-9011-8E9D139F7717}
		{CD7F51C2-F427-4A9E-B91A-EA1B1BA0907E} = {02DA5B95-AEF6-43EA-9011-8E9D139F7717}
		{2F20E1C5-5BC4-4F21-88C5-4515DAC6469B} = {02DA5B95-AEF6-43EA-9011-8E9D139F7717}
		{C0B0792C-78F7-4D89-AA70-CD83F2431A27} = {02DA5B95-AEF6-43EA-9011-8E9D139F7717}
		{23AB971A-9001-4A99-B1B2-E2066498A4EA} = {02DA5B95-AEF6-43EA-9011-8E9D139F7717}
		{FB62FFAA-C019-47D4-AD49-1014B6EB14D4} = {5B447A62-3D8B-41AF-96B4-B01AEEFBB815}
		{66C34E2A-5175-460B-9C5D-B9F9A15972CA} = {5B447A62-3D8B-41AF-96B4-B01AEEFBB815}
		{FBD33CB7-41B3-4642-ABDB-9F8A7DD40EE2} = {5B447A62-3D8B-41AF-96B4-B01AEEFBB815}
		{263998BD-C213-4CD1-867D-E007BC1540A8} = {5B447A62-3D8B-41AF-96B4-B01AEEFBB815}
		{7C1E9DEA-0CE6-4742-9AEC-BA74353D775F} = {5B447A62-3D8B-41AF-96B4-B01AEEFBB815}
		{52E6F700-B889-4604-92E7-403B40187CD0} = {0ED96CD5-7161-4FE2-811D-213E5720C8E8}
		{335B7369-63B0-4618-8A04-9A073D547D23} = {0ED96CD5-7161-4FE2-811D-213E5720C8E8}
		{37F9352A-A095-4D5B-8E0B-A78D65EAFE61} = {0ED96CD5-7161-4FE2-811D-213E5720C8E8}
		{51994186-0E08-4F32-BA46-67063E011D3D} = {67C811EB-87AE-4038-9409-3851B673D2C8}
		{45152A5F-0996-4BBA-92DB-3A9669DC10DD} = {67C811EB-87AE-4038-9409-3851B673D2C8}
		{4DDB7002-56FF-42BD-80BD-E393A35CE7D0} = {B02ACDD1-47B2-4719-A171-A4D32BA4FCA9}
		{46835D91-F2A8-46DD-AD41-F0F900A80982} = {B02ACDD1-47B2-4719-A171-A4D32BA4FCA9}
		{8C14E826-CBAC-4F1A-BD35-4FCBA4B5830C} = {B02ACDD1-47B2-4719-A171-A4D32BA4FCA9}
		{C6D33684-EAF9-480E-9EA5-5FBFF567E203} = {B02ACDD1-47B2-4719-A171-A4D32BA4FCA9}
		{AEBC330F-FF14-4224-8249-CE0B9CA0AE27} = {B02ACDD1-47B2-4719-A171-A4D32BA4FCA9}
		{BA6EB37A-7635-4F8A-B5AF-AB68D99B9A3D} = {61AAE9DB-2E1A-407F-81E5-7EC27DD5E044}
		{14A39A47-E9BF-4AD8-AA16-EB9130CFB550} = {61AAE9DB-2E1A-407F-81E5-7EC27DD5E044}
		{95CDADBA-9AA3-4ACC-A589-AB1E7FEA13B8} = {61AAE9DB-2E1A-407F-81E5-7EC27DD5E044}
		{D4780743-C241-4B41-9EED-CA4AAE87E7EF} = {61AAE9DB-2E1A-407F-81E5-7EC27DD5E044}
		{00F101CE-F3AA-4C0D-940E-15B5EA722749} = {61AAE9DB-2E1A-407F-81E5-7EC27DD5E044}
		{0F2556DE-7012-4491-ADBD-17F95329D52E} = {61AAE9DB-2E1A-407F-81E5-7EC27DD5E044}
		{5CAC516F-7CAC-402E-AF15-E9E02F87896E} = {A7B36C16-635B-4AA7-8397-206BF6AD969B}
		{253DAB57-F5B8-4330-94D1-2E8961B50B82} = {A7B36C16-635B-4AA7-8397-206BF6AD969B}
		{263918C7-1081-4076-9F3B-E9686F1AC6EA} = {1B89E9D8-9245-4A79-AC23-306707F6B05F}
		{907BF634-0AD8-4557-98C2-82C3D357C7E9} = {1B89E9D8-9245-4A79-AC23-306707F6B05F}
		{767E6B68-6C1B-489E-A529-F077131E6005} = {EE40B69F-6D7F-4702-BAA6-7B5A3D0EA19E}
		{C250851E-A5AC-4CD1-8D72-2F6E553CE1C8} = {EE40B69F-6D7F-4702-BAA6-7B5A3D0EA19E}
		{3C157A96-29D3-48F4-8422-CEE9DACE11DD} = {EE40B69F-6D7F-4702-BAA6-7B5A3D0EA19E}
	EndGlobalSection
	GlobalSection(ExtensibilityGlobals) = postSolution
		SolutionGuid = {05AE38FD-0D6F-41E1-9FFC-784B01BAD24C}
	EndGlobalSection
EndGlobal
